{
  "version": 4,
  "terraform_version": "1.3.9",
  "serial": 73,
  "lineage": "53aa2c1e-4920-825a-33b7-7681c3e522ff",
  "outputs": {
    "client_cert": {
      "value": "-----BEGIN CERTIFICATE-----\nMIIDOjCCAiKgAwIBAgIQYez2RLkQZrDzQjSOqwVIbTANBgkqhkiG9w0BAQsFADAm\nMRAwDgYDVQQKEwdkZXYgZW52MRIwEAYDVQQDEwlDQU9wZW5WUE4wHhcNMjMwMjIz\nMTExNDI1WhcNMjgwMjIyMTExNDI1WjAqMRAwDgYDVQQKEwdkZXYgZW52MRYwFAYD\nVQQDEw1DbGllbnRPcGVuVlBOMIIBIjANBgkqhkiG9w0BAQEFAAOCAQ8AMIIBCgKC\nAQEAreHgM554jusYfpYS79CslCzqvwusIHVEDONFlIJO6YouA8KSBfH2+XZi0oLE\nO+m32CfMJi2DXwaE7Z2ZnycHZyeTF3xjeaKAQ8byvSKGNX1wFNGtgbI8XGGLslez\nYmLzmzx3UgVcFLzPhocI7h+WDf4K+3tb4B7qUdrJIJ7vV3egZa8g5gcLIaZ4DoEs\nXkq5FcXoAyLEMXFEncpumzyDTZAXblUuB70mcbhgcATJVmg2zzxqV/ULKPrIXghn\nMk1y8pWvD0MOooA/EGabGHbFE6gG0/UjKTLh0PdH67/J9gv851lrbg3ndkG84kKp\ns7NmVszX4YMAy947ToWRwXOtmQIDAQABo2AwXjAOBgNVHQ8BAf8EBAMCBaAwHQYD\nVR0lBBYwFAYIKwYBBQUHAwEGCCsGAQUFBwMCMAwGA1UdEwEB/wQCMAAwHwYDVR0j\nBBgwFoAU6TR4rEHiDrGaTWN6cifIEpnq8YowDQYJKoZIhvcNAQELBQADggEBABjX\njh6Xfb3Zg9vuCtleWOHmBdJQ8zdtyFdjdwjFTaVMfGKhMzMxRmBIbOSz2zsWUgif\nvMSt4NDbBtFzeglFdqVBzsM/zlDwFBDn+iuCYxMkdGS1nCcyXlRunMi0DppW3PwW\npL3mlI4iMTuQ4hPtkoNMt/SP/d4xi8aVXGjOafBdb6pX0rA6zMzY6z2+B680S5Ul\nsuw+2X9oj8g9AdpA4G+71YDe7SiNNSUNZrENbwi7Aql2G+VC65YKuhjghfLz8y/f\nueuAc30IZIFEhlI59LLBuAHneq4dyYP0vgUWl6hGvyTxyQPNvdA9wiDyeFDwJmeH\n5Hd8Xc4Kgz9T/rnU9Mw=\n-----END CERTIFICATE-----\n",
      "type": "string"
    },
    "client_key": {
      "value": "-----BEGIN RSA PRIVATE KEY-----\nMIIEogIBAAKCAQEAreHgM554jusYfpYS79CslCzqvwusIHVEDONFlIJO6YouA8KS\nBfH2+XZi0oLEO+m32CfMJi2DXwaE7Z2ZnycHZyeTF3xjeaKAQ8byvSKGNX1wFNGt\ngbI8XGGLslezYmLzmzx3UgVcFLzPhocI7h+WDf4K+3tb4B7qUdrJIJ7vV3egZa8g\n5gcLIaZ4DoEsXkq5FcXoAyLEMXFEncpumzyDTZAXblUuB70mcbhgcATJVmg2zzxq\nV/ULKPrIXghnMk1y8pWvD0MOooA/EGabGHbFE6gG0/UjKTLh0PdH67/J9gv851lr\nbg3ndkG84kKps7NmVszX4YMAy947ToWRwXOtmQIDAQABAoIBAFTHtxsz/zAf7Jd7\n8MvBAQRWSjbQKCLDSmTGQ1y/lF5GI11t9uizK2pCkLh3TdqwgBUCgoVy14TzlsiM\neSSiUPe40f03hwD9fHCPhjc1qB5YhNeBzIlaMBgS75wLKsmj2YctGjiBqH3r+Xts\nR6xi9jToUs5/PTKvoCw88qfXFneca9TVWI9w6MEifiE9ZSs1gGBOI1i4dGB52utK\nZyH+fGwiJm68QuErG2n0/C/cS/Fwi5c0ce+FX+bpPYe5vVWF0mDyRd9MPQQRUT92\nK6UcsOdVhClrLeSdbWRekbk8n+jMl4RwEf+XGDCc3lh4Llqrxq7BaWgdevmqsxBw\nUDqzXgECgYEA5EgU/xmvnZnNLiINEGkdW/EgMn7YVfvWsDtElHt6ht5RpaA6uw6f\n09HASEvBf7Gq9GwdMvKWFABGR+Ldm1/avCPneyPgv+F2CfmYz345HXYCG+SaGFS0\nPW5ciQYLTbh/v+saXYVroc76PiivFB13rWLOa1U/91x++8GHbjy4U3kCgYEAwv7Y\nLZW5JpipuOa8tNAHywvzocDkNfYJ4WX9QJaSVIpNX5yieMMRp0ABBJpREa1bE/RW\noYRNClH8vwb9cUgk3/8UshJ+z2Jv7VTp8F12eOiRhkE4+5wddl5f7KUEakBMvIU7\nA1YUFeAGPdZA5hyeD54PwneZ33pBGmJcRMpKgyECgYB5Ev4H2tC4zuTy7d5t8MJA\njF/eSEZnPD2+lICoG+F9fJZjONtNcNE2IA5SidNj7ZBVOK434k/U5dxgriOJD8rM\ndGKGfh3qxyK64aW5jyGtzXQK5TERbIN3/XuYtRrzqsIewQvnxCa02DkDFMLe8U4T\nKM+AP+PAR0+WKSuyPQQqSQKBgHskCwsGkW1hXVVKSYN6GGHOw2Wz9apqHSU9jig6\nrmA7Es+9kBDpR32yerIYbffW3TyFwiuv7CMHUbClTmo6oCbg5IXsDi8TQBHF3RKR\nQ17pp/T7vWuP1D9LLBK6x0X+Izeuf20E8Bw8ZFSquENZcSv1qogplX++qdxqn1BF\n27ZhAoGADyCIn/DtIatGid5Pvf03s9Q53hFLHK2hCsfX8+RK29GMxOS3U7MsN20+\nQeHfQ39kdQ9x6G4ZM/RfazFfubDIDOG4MlmXlT/Y/Khck4WmPl7p7dwEDJHQreVa\nBEkGGN5sbUwX/lh0ZyoiAjM5DfEpYF5btULWnddAKKPAP+tS7N4=\n-----END RSA PRIVATE KEY-----\n",
      "type": "string",
      "sensitive": true
    },
    "gitlab_dns_name": {
      "value": "gitlab-ce.westus3.cloudapp.azure.com",
      "type": "string"
    },
    "gitlab_ip": {
      "value": "20.163.46.12",
      "type": "string"
    },
    "gitlab_private_ip": {
      "value": "10.0.0.7",
      "type": "string"
    },
    "iscsi_ip": {
      "value": "20.150.144.43",
      "type": "string"
    },
    "k8s_main_private_ip": {
      "value": "10.0.0.5",
      "type": "string"
    },
    "k8s_main_public_ip": {
      "value": "20.163.46.6",
      "type": "string"
    },
    "k8s_worker_private_ip": {
      "value": "10.0.0.6",
      "type": "string"
    },
    "k8s_worker_public_ip": {
      "value": "20.163.91.165",
      "type": "string"
    },
    "resource_group_name": {
      "value": "projet-final-groupe-3",
      "type": "string"
    },
    "vpn_ip": {
      "value": "",
      "type": "string"
    }
  },
  "resources": [
    {
      "mode": "data",
      "type": "local_file",
      "name": "ca_der",
      "provider": "provider[\"registry.terraform.io/hashicorp/local\"]",
      "instances": [
        {
          "schema_version": 0,
          "attributes": {
            "content": "",
            "content_base64": "",
            "filename": "caCert.der",
            "id": "da39a3ee5e6b4b0d3255bfef95601890afd80709"
          },
          "sensitive_attributes": []
        }
      ]
    },
    {
      "mode": "managed",
      "type": "azurerm_linux_virtual_machine",
      "name": "gitlab",
      "provider": "provider[\"registry.terraform.io/hashicorp/azurerm\"]",
      "instances": [
        {
          "schema_version": 0,
          "attributes": {
            "additional_capabilities": [],
            "admin_password": null,
            "admin_ssh_key": [
              {
                "public_key": "ssh-rsa AAAAB3NzaC1yc2EAAAADAQABAAABgQCp45PtxbYQrDL8X+7IL+5mXcPpfrYvp4FQ+HScmwIRALqRB8LqDavIDLWqYH/9qurxdHlLPvVkwog4+2J6tVVoSeZYH5dQn+liB8atvJ8TysT5HzdaFH2PCc1nEsCMeSYwyJjnAAIP+R5KhKk2PUqPLG+JZO/5psrrNSzhK5kgnthq28JipWhvOvIhngq5oKS3F7617zXyzjBCihRCvySG2S8G0bkYcycWRXBLurpIsioOrI0paZWeZQKK/YcIuB/qcTOWJyU4BYYQLbxgJo9c53sdY8xLTIQ4iCYeu6nSy8dJo+imWb4nTTbSetPIoxhTJbs0XTOlco0BjOfl6TtMor1rZugBoHdPQaqmBGtVYUekmY+Qs3XJL38EjpnRCpwt7KCOEpvslAXqEeUTZRpOy6PuSpK7CulLG97HtwJfsDhe5bB9dl+p4CclIYqdcxxmCI65kibc/o/Uigqobk3+hKx2LdPdC+XZhi+MQR9hE1VW6Q/5JHz2K7SxtQK+YAE= paul@archbox\n",
                "username": "adminuser"
              }
            ],
            "admin_username": "adminuser",
            "allow_extension_operations": true,
            "availability_set_id": "",
            "boot_diagnostics": [],
            "capacity_reservation_group_id": "",
            "computer_name": "gitlab",
            "custom_data": null,
            "dedicated_host_group_id": "",
            "dedicated_host_id": "",
            "disable_password_authentication": true,
            "edge_zone": "",
            "encryption_at_host_enabled": false,
            "eviction_policy": "",
            "extensions_time_budget": "PT1H30M",
            "gallery_application": [],
            "id": "/subscriptions/e199b595-d2e9-4487-ab34-dcb62c67c71d/resourceGroups/projet-final-groupe-3/providers/Microsoft.Compute/virtualMachines/gitlab",
            "identity": [],
            "license_type": "",
            "location": "westus3",
            "max_bid_price": -1,
            "name": "gitlab",
            "network_interface_ids": [
              "/subscriptions/e199b595-d2e9-4487-ab34-dcb62c67c71d/resourceGroups/projet-final-groupe-3/providers/Microsoft.Network/networkInterfaces/gitlab-nic"
            ],
            "os_disk": [
              {
                "caching": "ReadWrite",
                "diff_disk_settings": [],
                "disk_encryption_set_id": "",
                "disk_size_gb": 30,
                "name": "gitlab_OsDisk_1_3e803fde29c34c14b675cbec77b7e185",
                "secure_vm_disk_encryption_set_id": "",
                "security_encryption_type": "",
                "storage_account_type": "Standard_LRS",
                "write_accelerator_enabled": false
              }
            ],
            "patch_assessment_mode": "ImageDefault",
            "patch_mode": "ImageDefault",
            "plan": [],
            "platform_fault_domain": -1,
            "priority": "Regular",
            "private_ip_address": "10.0.0.7",
            "private_ip_addresses": [
              "10.0.0.7"
            ],
            "provision_vm_agent": true,
            "proximity_placement_group_id": "",
            "public_ip_address": "20.163.46.12",
            "public_ip_addresses": [
              "20.163.46.12"
            ],
            "resource_group_name": "projet-final-groupe-3",
            "secret": [],
            "secure_boot_enabled": false,
            "size": "Standard_B4ms",
            "source_image_id": "",
            "source_image_reference": [
              {
                "offer": "0001-com-ubuntu-server-jammy",
                "publisher": "Canonical",
                "sku": "22_04-lts-gen2",
                "version": "22.04.202302140"
              }
            ],
            "tags": {},
            "termination_notification": [],
            "timeouts": null,
            "user_data": "",
            "virtual_machine_id": "7665f9ec-06c2-40ac-8b40-a0da072ce3b8",
            "virtual_machine_scale_set_id": "",
            "vtpm_enabled": false,
            "zone": ""
          },
          "sensitive_attributes": [],
          "private": "eyJlMmJmYjczMC1lY2FhLTExZTYtOGY4OC0zNDM2M2JjN2M0YzAiOnsiY3JlYXRlIjoyNzAwMDAwMDAwMDAwLCJkZWxldGUiOjI3MDAwMDAwMDAwMDAsInJlYWQiOjMwMDAwMDAwMDAwMCwidXBkYXRlIjoyNzAwMDAwMDAwMDAwfX0=",
          "dependencies": [
            "azurerm_network_interface.gitlab_nic",
            "azurerm_public_ip.gitlab_ip",
            "azurerm_resource_group.rg",
            "azurerm_subnet.subnet",
            "azurerm_virtual_network.vnet"
          ]
        }
      ]
    },
    {
      "mode": "managed",
      "type": "azurerm_linux_virtual_machine",
      "name": "iscsi",
      "provider": "provider[\"registry.terraform.io/hashicorp/azurerm\"]",
      "instances": [
        {
          "schema_version": 0,
          "attributes": {
            "additional_capabilities": [],
            "admin_password": null,
            "admin_ssh_key": [
              {
                "public_key": "ssh-rsa AAAAB3NzaC1yc2EAAAADAQABAAABgQCp45PtxbYQrDL8X+7IL+5mXcPpfrYvp4FQ+HScmwIRALqRB8LqDavIDLWqYH/9qurxdHlLPvVkwog4+2J6tVVoSeZYH5dQn+liB8atvJ8TysT5HzdaFH2PCc1nEsCMeSYwyJjnAAIP+R5KhKk2PUqPLG+JZO/5psrrNSzhK5kgnthq28JipWhvOvIhngq5oKS3F7617zXyzjBCihRCvySG2S8G0bkYcycWRXBLurpIsioOrI0paZWeZQKK/YcIuB/qcTOWJyU4BYYQLbxgJo9c53sdY8xLTIQ4iCYeu6nSy8dJo+imWb4nTTbSetPIoxhTJbs0XTOlco0BjOfl6TtMor1rZugBoHdPQaqmBGtVYUekmY+Qs3XJL38EjpnRCpwt7KCOEpvslAXqEeUTZRpOy6PuSpK7CulLG97HtwJfsDhe5bB9dl+p4CclIYqdcxxmCI65kibc/o/Uigqobk3+hKx2LdPdC+XZhi+MQR9hE1VW6Q/5JHz2K7SxtQK+YAE= paul@archbox\n",
                "username": "adminuser"
              }
            ],
            "admin_username": "adminuser",
            "allow_extension_operations": true,
            "availability_set_id": "",
            "boot_diagnostics": [],
            "capacity_reservation_group_id": "",
            "computer_name": "iscsi",
            "custom_data": null,
            "dedicated_host_group_id": "",
            "dedicated_host_id": "",
            "disable_password_authentication": true,
            "edge_zone": "",
            "encryption_at_host_enabled": false,
            "eviction_policy": "",
            "extensions_time_budget": "PT1H30M",
            "gallery_application": [],
            "id": "/subscriptions/e199b595-d2e9-4487-ab34-dcb62c67c71d/resourceGroups/projet-final-groupe-3/providers/Microsoft.Compute/virtualMachines/iscsi",
            "identity": [],
            "license_type": "",
            "location": "westus3",
            "max_bid_price": -1,
            "name": "iscsi",
            "network_interface_ids": [
              "/subscriptions/e199b595-d2e9-4487-ab34-dcb62c67c71d/resourceGroups/projet-final-groupe-3/providers/Microsoft.Network/networkInterfaces/iscsi-nic"
            ],
            "os_disk": [
              {
                "caching": "ReadWrite",
                "diff_disk_settings": [],
                "disk_encryption_set_id": "",
                "disk_size_gb": 30,
                "name": "iscsi_OsDisk_1_66b2f0b410ba4faeb2a9f64b4094960b",
                "secure_vm_disk_encryption_set_id": "",
                "security_encryption_type": "",
                "storage_account_type": "Standard_LRS",
                "write_accelerator_enabled": false
              }
            ],
            "patch_assessment_mode": "ImageDefault",
            "patch_mode": "ImageDefault",
            "plan": [],
            "platform_fault_domain": -1,
            "priority": "Regular",
            "private_ip_address": "10.0.0.4",
            "private_ip_addresses": [
              "10.0.0.4"
            ],
            "provision_vm_agent": true,
            "proximity_placement_group_id": "",
            "public_ip_address": "20.150.144.43",
            "public_ip_addresses": [
              "20.150.144.43"
            ],
            "resource_group_name": "projet-final-groupe-3",
            "secret": [],
            "secure_boot_enabled": false,
            "size": "Standard_B1s",
            "source_image_id": "",
            "source_image_reference": [
              {
                "offer": "UbuntuServer",
                "publisher": "Canonical",
                "sku": "18.04-LTS",
                "version": "latest"
              }
            ],
            "tags": {},
            "termination_notification": [],
            "timeouts": null,
            "user_data": "",
            "virtual_machine_id": "726f328a-c2ac-4533-8463-f5c96de9c6e0",
            "virtual_machine_scale_set_id": "",
            "vtpm_enabled": false,
            "zone": ""
          },
          "sensitive_attributes": [],
          "private": "eyJlMmJmYjczMC1lY2FhLTExZTYtOGY4OC0zNDM2M2JjN2M0YzAiOnsiY3JlYXRlIjoyNzAwMDAwMDAwMDAwLCJkZWxldGUiOjI3MDAwMDAwMDAwMDAsInJlYWQiOjMwMDAwMDAwMDAwMCwidXBkYXRlIjoyNzAwMDAwMDAwMDAwfX0=",
          "dependencies": [
            "azurerm_network_interface.iscsi_nic",
            "azurerm_public_ip.iscsi_ip",
            "azurerm_resource_group.rg",
            "azurerm_subnet.subnet",
            "azurerm_virtual_network.vnet"
          ]
        }
      ]
    },
    {
      "mode": "managed",
      "type": "azurerm_linux_virtual_machine",
      "name": "k8s_main",
      "provider": "provider[\"registry.terraform.io/hashicorp/azurerm\"]",
      "instances": [
        {
          "schema_version": 0,
          "attributes": {
            "additional_capabilities": [],
            "admin_password": null,
            "admin_ssh_key": [
              {
                "public_key": "ssh-rsa AAAAB3NzaC1yc2EAAAADAQABAAABgQCp45PtxbYQrDL8X+7IL+5mXcPpfrYvp4FQ+HScmwIRALqRB8LqDavIDLWqYH/9qurxdHlLPvVkwog4+2J6tVVoSeZYH5dQn+liB8atvJ8TysT5HzdaFH2PCc1nEsCMeSYwyJjnAAIP+R5KhKk2PUqPLG+JZO/5psrrNSzhK5kgnthq28JipWhvOvIhngq5oKS3F7617zXyzjBCihRCvySG2S8G0bkYcycWRXBLurpIsioOrI0paZWeZQKK/YcIuB/qcTOWJyU4BYYQLbxgJo9c53sdY8xLTIQ4iCYeu6nSy8dJo+imWb4nTTbSetPIoxhTJbs0XTOlco0BjOfl6TtMor1rZugBoHdPQaqmBGtVYUekmY+Qs3XJL38EjpnRCpwt7KCOEpvslAXqEeUTZRpOy6PuSpK7CulLG97HtwJfsDhe5bB9dl+p4CclIYqdcxxmCI65kibc/o/Uigqobk3+hKx2LdPdC+XZhi+MQR9hE1VW6Q/5JHz2K7SxtQK+YAE= paul@archbox\n",
                "username": "adminuser"
              }
            ],
            "admin_username": "adminuser",
            "allow_extension_operations": true,
            "availability_set_id": "",
            "boot_diagnostics": [],
            "capacity_reservation_group_id": "",
            "computer_name": "k8s-main",
            "custom_data": null,
            "dedicated_host_group_id": "",
            "dedicated_host_id": "",
            "disable_password_authentication": true,
            "edge_zone": "",
            "encryption_at_host_enabled": false,
            "eviction_policy": "",
            "extensions_time_budget": "PT1H30M",
            "gallery_application": [],
            "id": "/subscriptions/e199b595-d2e9-4487-ab34-dcb62c67c71d/resourceGroups/projet-final-groupe-3/providers/Microsoft.Compute/virtualMachines/k8s-main",
            "identity": [],
            "license_type": "",
            "location": "westus3",
            "max_bid_price": -1,
            "name": "k8s-main",
            "network_interface_ids": [
              "/subscriptions/e199b595-d2e9-4487-ab34-dcb62c67c71d/resourceGroups/projet-final-groupe-3/providers/Microsoft.Network/networkInterfaces/k8s-main-nic"
            ],
            "os_disk": [
              {
                "caching": "ReadWrite",
                "diff_disk_settings": [],
                "disk_encryption_set_id": "",
                "disk_size_gb": 30,
                "name": "k8s-main_OsDisk_1_81cdbfb066d049df8b4e67ab6b4ace60",
                "secure_vm_disk_encryption_set_id": "",
                "security_encryption_type": "",
                "storage_account_type": "Standard_LRS",
                "write_accelerator_enabled": false
              }
            ],
            "patch_assessment_mode": "ImageDefault",
            "patch_mode": "ImageDefault",
            "plan": [],
            "platform_fault_domain": -1,
            "priority": "Regular",
            "private_ip_address": "10.0.0.5",
            "private_ip_addresses": [
              "10.0.0.5"
            ],
            "provision_vm_agent": true,
            "proximity_placement_group_id": "",
            "public_ip_address": "20.163.46.6",
            "public_ip_addresses": [
              "20.163.46.6"
            ],
            "resource_group_name": "projet-final-groupe-3",
            "secret": [],
            "secure_boot_enabled": false,
            "size": "Standard_B2ms",
            "source_image_id": "",
            "source_image_reference": [
              {
                "offer": "0001-com-ubuntu-server-jammy",
                "publisher": "Canonical",
                "sku": "22_04-lts-gen2",
                "version": "22.04.202302140"
              }
            ],
            "tags": {},
            "termination_notification": [],
            "timeouts": null,
            "user_data": "",
            "virtual_machine_id": "25584a2b-38b3-4583-8974-c0209a3abdea",
            "virtual_machine_scale_set_id": "",
            "vtpm_enabled": false,
            "zone": ""
          },
          "sensitive_attributes": [],
          "private": "eyJlMmJmYjczMC1lY2FhLTExZTYtOGY4OC0zNDM2M2JjN2M0YzAiOnsiY3JlYXRlIjoyNzAwMDAwMDAwMDAwLCJkZWxldGUiOjI3MDAwMDAwMDAwMDAsInJlYWQiOjMwMDAwMDAwMDAwMCwidXBkYXRlIjoyNzAwMDAwMDAwMDAwfX0=",
          "dependencies": [
            "azurerm_network_interface.k8s_main_nic",
            "azurerm_public_ip.k8s_main_ip",
            "azurerm_resource_group.rg",
            "azurerm_subnet.subnet",
            "azurerm_virtual_network.vnet"
          ]
        }
      ]
    },
    {
      "mode": "managed",
      "type": "azurerm_linux_virtual_machine",
      "name": "k8s_worker",
      "provider": "provider[\"registry.terraform.io/hashicorp/azurerm\"]",
      "instances": [
        {
          "schema_version": 0,
          "attributes": {
            "additional_capabilities": [],
            "admin_password": null,
            "admin_ssh_key": [
              {
                "public_key": "ssh-rsa AAAAB3NzaC1yc2EAAAADAQABAAABgQCp45PtxbYQrDL8X+7IL+5mXcPpfrYvp4FQ+HScmwIRALqRB8LqDavIDLWqYH/9qurxdHlLPvVkwog4+2J6tVVoSeZYH5dQn+liB8atvJ8TysT5HzdaFH2PCc1nEsCMeSYwyJjnAAIP+R5KhKk2PUqPLG+JZO/5psrrNSzhK5kgnthq28JipWhvOvIhngq5oKS3F7617zXyzjBCihRCvySG2S8G0bkYcycWRXBLurpIsioOrI0paZWeZQKK/YcIuB/qcTOWJyU4BYYQLbxgJo9c53sdY8xLTIQ4iCYeu6nSy8dJo+imWb4nTTbSetPIoxhTJbs0XTOlco0BjOfl6TtMor1rZugBoHdPQaqmBGtVYUekmY+Qs3XJL38EjpnRCpwt7KCOEpvslAXqEeUTZRpOy6PuSpK7CulLG97HtwJfsDhe5bB9dl+p4CclIYqdcxxmCI65kibc/o/Uigqobk3+hKx2LdPdC+XZhi+MQR9hE1VW6Q/5JHz2K7SxtQK+YAE= paul@archbox\n",
                "username": "adminuser"
              }
            ],
            "admin_username": "adminuser",
            "allow_extension_operations": true,
            "availability_set_id": "",
            "boot_diagnostics": [],
            "capacity_reservation_group_id": "",
            "computer_name": "k8s-worker",
            "custom_data": null,
            "dedicated_host_group_id": "",
            "dedicated_host_id": "",
            "disable_password_authentication": true,
            "edge_zone": "",
            "encryption_at_host_enabled": false,
            "eviction_policy": "",
            "extensions_time_budget": "PT1H30M",
            "gallery_application": [],
            "id": "/subscriptions/e199b595-d2e9-4487-ab34-dcb62c67c71d/resourceGroups/projet-final-groupe-3/providers/Microsoft.Compute/virtualMachines/k8s-worker",
            "identity": [],
            "license_type": "",
            "location": "westus3",
            "max_bid_price": -1,
            "name": "k8s-worker",
            "network_interface_ids": [
              "/subscriptions/e199b595-d2e9-4487-ab34-dcb62c67c71d/resourceGroups/projet-final-groupe-3/providers/Microsoft.Network/networkInterfaces/k8s-worker-nic"
            ],
            "os_disk": [
              {
                "caching": "ReadWrite",
                "diff_disk_settings": [],
                "disk_encryption_set_id": "",
                "disk_size_gb": 30,
                "name": "k8s-worker_OsDisk_1_1eb5f23959874b05822db9c642b5947f",
                "secure_vm_disk_encryption_set_id": "",
                "security_encryption_type": "",
                "storage_account_type": "Standard_LRS",
                "write_accelerator_enabled": false
              }
            ],
            "patch_assessment_mode": "ImageDefault",
            "patch_mode": "ImageDefault",
            "plan": [],
            "platform_fault_domain": -1,
            "priority": "Regular",
            "private_ip_address": "10.0.0.6",
            "private_ip_addresses": [
              "10.0.0.6"
            ],
            "provision_vm_agent": true,
            "proximity_placement_group_id": "",
            "public_ip_address": "20.163.91.165",
            "public_ip_addresses": [
              "20.163.91.165"
            ],
            "resource_group_name": "projet-final-groupe-3",
            "secret": [],
            "secure_boot_enabled": false,
            "size": "Standard_B2ms",
            "source_image_id": "",
            "source_image_reference": [
              {
                "offer": "0001-com-ubuntu-server-jammy",
                "publisher": "Canonical",
                "sku": "22_04-lts-gen2",
                "version": "22.04.202302140"
              }
            ],
            "tags": {},
            "termination_notification": [],
            "timeouts": null,
            "user_data": "",
            "virtual_machine_id": "385458fb-9532-4084-b59b-cf1fa873bd14",
            "virtual_machine_scale_set_id": "",
            "vtpm_enabled": false,
            "zone": ""
          },
          "sensitive_attributes": [],
          "private": "eyJlMmJmYjczMC1lY2FhLTExZTYtOGY4OC0zNDM2M2JjN2M0YzAiOnsiY3JlYXRlIjoyNzAwMDAwMDAwMDAwLCJkZWxldGUiOjI3MDAwMDAwMDAwMDAsInJlYWQiOjMwMDAwMDAwMDAwMCwidXBkYXRlIjoyNzAwMDAwMDAwMDAwfX0=",
          "dependencies": [
            "azurerm_network_interface.k8s_worker_nic",
            "azurerm_public_ip.k8s_worker_ip",
            "azurerm_resource_group.rg",
            "azurerm_subnet.subnet",
            "azurerm_virtual_network.vnet"
          ]
        }
      ]
    },
    {
      "mode": "managed",
      "type": "azurerm_network_interface",
      "name": "gitlab_nic",
      "provider": "provider[\"registry.terraform.io/hashicorp/azurerm\"]",
      "instances": [
        {
          "schema_version": 0,
          "attributes": {
            "applied_dns_servers": [],
            "dns_servers": [],
            "edge_zone": "",
            "enable_accelerated_networking": false,
            "enable_ip_forwarding": false,
            "id": "/subscriptions/e199b595-d2e9-4487-ab34-dcb62c67c71d/resourceGroups/projet-final-groupe-3/providers/Microsoft.Network/networkInterfaces/gitlab-nic",
            "internal_dns_name_label": "",
            "internal_domain_name_suffix": "3fxtlxirzejufgaomipd45013h.phxx.internal.cloudapp.net",
            "ip_configuration": [
              {
                "gateway_load_balancer_frontend_ip_configuration_id": "",
                "name": "internal",
                "primary": true,
                "private_ip_address": "10.0.0.7",
                "private_ip_address_allocation": "Dynamic",
                "private_ip_address_version": "IPv4",
                "public_ip_address_id": "/subscriptions/e199b595-d2e9-4487-ab34-dcb62c67c71d/resourceGroups/projet-final-groupe-3/providers/Microsoft.Network/publicIPAddresses/gitlab-ip",
                "subnet_id": "/subscriptions/e199b595-d2e9-4487-ab34-dcb62c67c71d/resourceGroups/projet-final-groupe-3/providers/Microsoft.Network/virtualNetworks/vnet/subnets/subnet"
              }
            ],
            "location": "westus3",
            "mac_address": "60-45-BD-C7-7C-64",
            "name": "gitlab-nic",
            "private_ip_address": "10.0.0.7",
            "private_ip_addresses": [
              "10.0.0.7"
            ],
            "resource_group_name": "projet-final-groupe-3",
            "tags": {},
            "timeouts": null,
            "virtual_machine_id": "/subscriptions/e199b595-d2e9-4487-ab34-dcb62c67c71d/resourceGroups/projet-final-groupe-3/providers/Microsoft.Compute/virtualMachines/gitlab"
          },
          "sensitive_attributes": [],
          "private": "eyJlMmJmYjczMC1lY2FhLTExZTYtOGY4OC0zNDM2M2JjN2M0YzAiOnsiY3JlYXRlIjoxODAwMDAwMDAwMDAwLCJkZWxldGUiOjE4MDAwMDAwMDAwMDAsInJlYWQiOjMwMDAwMDAwMDAwMCwidXBkYXRlIjoxODAwMDAwMDAwMDAwfX0=",
          "dependencies": [
            "azurerm_public_ip.gitlab_ip",
            "azurerm_resource_group.rg",
            "azurerm_subnet.subnet",
            "azurerm_virtual_network.vnet"
          ]
        }
      ]
    },
    {
      "mode": "managed",
      "type": "azurerm_network_interface",
      "name": "iscsi_nic",
      "provider": "provider[\"registry.terraform.io/hashicorp/azurerm\"]",
      "instances": [
        {
          "schema_version": 0,
          "attributes": {
            "applied_dns_servers": [],
            "dns_servers": [],
            "edge_zone": "",
            "enable_accelerated_networking": false,
            "enable_ip_forwarding": false,
            "id": "/subscriptions/e199b595-d2e9-4487-ab34-dcb62c67c71d/resourceGroups/projet-final-groupe-3/providers/Microsoft.Network/networkInterfaces/iscsi-nic",
            "internal_dns_name_label": "",
            "internal_domain_name_suffix": "3fxtlxirzejufgaomipd45013h.phxx.internal.cloudapp.net",
            "ip_configuration": [
              {
                "gateway_load_balancer_frontend_ip_configuration_id": "",
                "name": "internal",
                "primary": true,
                "private_ip_address": "10.0.0.4",
                "private_ip_address_allocation": "Dynamic",
                "private_ip_address_version": "IPv4",
                "public_ip_address_id": "/subscriptions/e199b595-d2e9-4487-ab34-dcb62c67c71d/resourceGroups/projet-final-groupe-3/providers/Microsoft.Network/publicIPAddresses/iscsi-ip",
                "subnet_id": "/subscriptions/e199b595-d2e9-4487-ab34-dcb62c67c71d/resourceGroups/projet-final-groupe-3/providers/Microsoft.Network/virtualNetworks/vnet/subnets/subnet"
              }
            ],
            "location": "westus3",
            "mac_address": "60-45-BD-C9-E8-69",
            "name": "iscsi-nic",
            "private_ip_address": "10.0.0.4",
            "private_ip_addresses": [
              "10.0.0.4"
            ],
            "resource_group_name": "projet-final-groupe-3",
            "tags": {},
            "timeouts": null,
            "virtual_machine_id": "/subscriptions/e199b595-d2e9-4487-ab34-dcb62c67c71d/resourceGroups/projet-final-groupe-3/providers/Microsoft.Compute/virtualMachines/iscsi"
          },
          "sensitive_attributes": [],
          "private": "eyJlMmJmYjczMC1lY2FhLTExZTYtOGY4OC0zNDM2M2JjN2M0YzAiOnsiY3JlYXRlIjoxODAwMDAwMDAwMDAwLCJkZWxldGUiOjE4MDAwMDAwMDAwMDAsInJlYWQiOjMwMDAwMDAwMDAwMCwidXBkYXRlIjoxODAwMDAwMDAwMDAwfX0=",
          "dependencies": [
            "azurerm_public_ip.iscsi_ip",
            "azurerm_resource_group.rg",
            "azurerm_subnet.subnet",
            "azurerm_virtual_network.vnet"
          ]
        }
      ]
    },
    {
      "mode": "managed",
      "type": "azurerm_network_interface",
      "name": "k8s_main_nic",
      "provider": "provider[\"registry.terraform.io/hashicorp/azurerm\"]",
      "instances": [
        {
          "schema_version": 0,
          "attributes": {
            "applied_dns_servers": [],
            "dns_servers": [],
            "edge_zone": "",
            "enable_accelerated_networking": false,
            "enable_ip_forwarding": false,
            "id": "/subscriptions/e199b595-d2e9-4487-ab34-dcb62c67c71d/resourceGroups/projet-final-groupe-3/providers/Microsoft.Network/networkInterfaces/k8s-main-nic",
            "internal_dns_name_label": "",
            "internal_domain_name_suffix": "3fxtlxirzejufgaomipd45013h.phxx.internal.cloudapp.net",
            "ip_configuration": [
              {
                "gateway_load_balancer_frontend_ip_configuration_id": "",
                "name": "internal",
                "primary": true,
                "private_ip_address": "10.0.0.5",
                "private_ip_address_allocation": "Dynamic",
                "private_ip_address_version": "IPv4",
                "public_ip_address_id": "/subscriptions/e199b595-d2e9-4487-ab34-dcb62c67c71d/resourceGroups/projet-final-groupe-3/providers/Microsoft.Network/publicIPAddresses/k8s-main-ip",
                "subnet_id": "/subscriptions/e199b595-d2e9-4487-ab34-dcb62c67c71d/resourceGroups/projet-final-groupe-3/providers/Microsoft.Network/virtualNetworks/vnet/subnets/subnet"
              }
            ],
            "location": "westus3",
            "mac_address": "60-45-BD-C9-EA-A6",
            "name": "k8s-main-nic",
            "private_ip_address": "10.0.0.5",
            "private_ip_addresses": [
              "10.0.0.5"
            ],
            "resource_group_name": "projet-final-groupe-3",
            "tags": {},
            "timeouts": null,
            "virtual_machine_id": "/subscriptions/e199b595-d2e9-4487-ab34-dcb62c67c71d/resourceGroups/projet-final-groupe-3/providers/Microsoft.Compute/virtualMachines/k8s-main"
          },
          "sensitive_attributes": [],
          "private": "eyJlMmJmYjczMC1lY2FhLTExZTYtOGY4OC0zNDM2M2JjN2M0YzAiOnsiY3JlYXRlIjoxODAwMDAwMDAwMDAwLCJkZWxldGUiOjE4MDAwMDAwMDAwMDAsInJlYWQiOjMwMDAwMDAwMDAwMCwidXBkYXRlIjoxODAwMDAwMDAwMDAwfX0=",
          "dependencies": [
            "azurerm_public_ip.k8s_main_ip",
            "azurerm_resource_group.rg",
            "azurerm_subnet.subnet",
            "azurerm_virtual_network.vnet"
          ]
        }
      ]
    },
    {
      "mode": "managed",
      "type": "azurerm_network_interface",
      "name": "k8s_worker_nic",
      "provider": "provider[\"registry.terraform.io/hashicorp/azurerm\"]",
      "instances": [
        {
          "schema_version": 0,
          "attributes": {
            "applied_dns_servers": [],
            "dns_servers": [],
            "edge_zone": "",
            "enable_accelerated_networking": false,
            "enable_ip_forwarding": false,
            "id": "/subscriptions/e199b595-d2e9-4487-ab34-dcb62c67c71d/resourceGroups/projet-final-groupe-3/providers/Microsoft.Network/networkInterfaces/k8s-worker-nic",
            "internal_dns_name_label": "",
            "internal_domain_name_suffix": "3fxtlxirzejufgaomipd45013h.phxx.internal.cloudapp.net",
            "ip_configuration": [
              {
                "gateway_load_balancer_frontend_ip_configuration_id": "",
                "name": "internal",
                "primary": true,
                "private_ip_address": "10.0.0.6",
                "private_ip_address_allocation": "Dynamic",
                "private_ip_address_version": "IPv4",
                "public_ip_address_id": "/subscriptions/e199b595-d2e9-4487-ab34-dcb62c67c71d/resourceGroups/projet-final-groupe-3/providers/Microsoft.Network/publicIPAddresses/k8s-worker-ip",
                "subnet_id": "/subscriptions/e199b595-d2e9-4487-ab34-dcb62c67c71d/resourceGroups/projet-final-groupe-3/providers/Microsoft.Network/virtualNetworks/vnet/subnets/subnet"
              }
            ],
            "location": "westus3",
            "mac_address": "60-45-BD-C9-85-8C",
            "name": "k8s-worker-nic",
            "private_ip_address": "10.0.0.6",
            "private_ip_addresses": [
              "10.0.0.6"
            ],
            "resource_group_name": "projet-final-groupe-3",
            "tags": {},
            "timeouts": null,
            "virtual_machine_id": "/subscriptions/e199b595-d2e9-4487-ab34-dcb62c67c71d/resourceGroups/PROJET-FINAL-GROUPE-3/providers/Microsoft.Compute/virtualMachines/k8s-worker"
          },
          "sensitive_attributes": [],
          "private": "eyJlMmJmYjczMC1lY2FhLTExZTYtOGY4OC0zNDM2M2JjN2M0YzAiOnsiY3JlYXRlIjoxODAwMDAwMDAwMDAwLCJkZWxldGUiOjE4MDAwMDAwMDAwMDAsInJlYWQiOjMwMDAwMDAwMDAwMCwidXBkYXRlIjoxODAwMDAwMDAwMDAwfX0=",
          "dependencies": [
            "azurerm_public_ip.k8s_worker_ip",
            "azurerm_resource_group.rg",
            "azurerm_subnet.subnet",
            "azurerm_virtual_network.vnet"
          ]
        }
      ]
    },
    {
      "mode": "managed",
      "type": "azurerm_network_interface_security_group_association",
      "name": "gitlab_nsg_assoc",
      "provider": "provider[\"registry.terraform.io/hashicorp/azurerm\"]",
      "instances": [
        {
          "schema_version": 0,
          "attributes": {
            "id": "/subscriptions/e199b595-d2e9-4487-ab34-dcb62c67c71d/resourceGroups/projet-final-groupe-3/providers/Microsoft.Network/networkInterfaces/gitlab-nic|/subscriptions/e199b595-d2e9-4487-ab34-dcb62c67c71d/resourceGroups/projet-final-groupe-3/providers/Microsoft.Network/networkSecurityGroups/gitlab-nsg",
            "network_interface_id": "/subscriptions/e199b595-d2e9-4487-ab34-dcb62c67c71d/resourceGroups/projet-final-groupe-3/providers/Microsoft.Network/networkInterfaces/gitlab-nic",
            "network_security_group_id": "/subscriptions/e199b595-d2e9-4487-ab34-dcb62c67c71d/resourceGroups/projet-final-groupe-3/providers/Microsoft.Network/networkSecurityGroups/gitlab-nsg",
            "timeouts": null
          },
          "sensitive_attributes": [],
          "private": "eyJlMmJmYjczMC1lY2FhLTExZTYtOGY4OC0zNDM2M2JjN2M0YzAiOnsiY3JlYXRlIjoxODAwMDAwMDAwMDAwLCJkZWxldGUiOjE4MDAwMDAwMDAwMDAsInJlYWQiOjMwMDAwMDAwMDAwMCwidXBkYXRlIjoxODAwMDAwMDAwMDAwfX0=",
          "dependencies": [
            "azurerm_network_interface.gitlab_nic",
            "azurerm_network_security_group.gitlab_nsg",
            "azurerm_public_ip.gitlab_ip",
            "azurerm_resource_group.rg",
            "azurerm_subnet.subnet",
            "azurerm_virtual_network.vnet"
          ]
        }
      ]
    },
    {
      "mode": "managed",
      "type": "azurerm_network_interface_security_group_association",
      "name": "iscsi_nsg_assoc",
      "provider": "provider[\"registry.terraform.io/hashicorp/azurerm\"]",
      "instances": [
        {
          "schema_version": 0,
          "attributes": {
            "id": "/subscriptions/e199b595-d2e9-4487-ab34-dcb62c67c71d/resourceGroups/projet-final-groupe-3/providers/Microsoft.Network/networkInterfaces/iscsi-nic|/subscriptions/e199b595-d2e9-4487-ab34-dcb62c67c71d/resourceGroups/projet-final-groupe-3/providers/Microsoft.Network/networkSecurityGroups/iscsi-nsg",
            "network_interface_id": "/subscriptions/e199b595-d2e9-4487-ab34-dcb62c67c71d/resourceGroups/projet-final-groupe-3/providers/Microsoft.Network/networkInterfaces/iscsi-nic",
            "network_security_group_id": "/subscriptions/e199b595-d2e9-4487-ab34-dcb62c67c71d/resourceGroups/projet-final-groupe-3/providers/Microsoft.Network/networkSecurityGroups/iscsi-nsg",
            "timeouts": null
          },
          "sensitive_attributes": [],
          "private": "eyJlMmJmYjczMC1lY2FhLTExZTYtOGY4OC0zNDM2M2JjN2M0YzAiOnsiY3JlYXRlIjoxODAwMDAwMDAwMDAwLCJkZWxldGUiOjE4MDAwMDAwMDAwMDAsInJlYWQiOjMwMDAwMDAwMDAwMCwidXBkYXRlIjoxODAwMDAwMDAwMDAwfX0=",
          "dependencies": [
            "azurerm_network_interface.iscsi_nic",
            "azurerm_network_security_group.iscsi_nsg",
            "azurerm_public_ip.iscsi_ip",
            "azurerm_resource_group.rg",
            "azurerm_subnet.subnet",
            "azurerm_virtual_network.vnet"
          ]
        }
      ]
    },
    {
      "mode": "managed",
      "type": "azurerm_network_interface_security_group_association",
      "name": "k8s_main_nsg_assoc",
      "provider": "provider[\"registry.terraform.io/hashicorp/azurerm\"]",
      "instances": [
        {
          "schema_version": 0,
          "attributes": {
            "id": "/subscriptions/e199b595-d2e9-4487-ab34-dcb62c67c71d/resourceGroups/projet-final-groupe-3/providers/Microsoft.Network/networkInterfaces/k8s-main-nic|/subscriptions/e199b595-d2e9-4487-ab34-dcb62c67c71d/resourceGroups/projet-final-groupe-3/providers/Microsoft.Network/networkSecurityGroups/k8s-main-nsg",
            "network_interface_id": "/subscriptions/e199b595-d2e9-4487-ab34-dcb62c67c71d/resourceGroups/projet-final-groupe-3/providers/Microsoft.Network/networkInterfaces/k8s-main-nic",
            "network_security_group_id": "/subscriptions/e199b595-d2e9-4487-ab34-dcb62c67c71d/resourceGroups/projet-final-groupe-3/providers/Microsoft.Network/networkSecurityGroups/k8s-main-nsg",
            "timeouts": null
          },
          "sensitive_attributes": [],
          "private": "eyJlMmJmYjczMC1lY2FhLTExZTYtOGY4OC0zNDM2M2JjN2M0YzAiOnsiY3JlYXRlIjoxODAwMDAwMDAwMDAwLCJkZWxldGUiOjE4MDAwMDAwMDAwMDAsInJlYWQiOjMwMDAwMDAwMDAwMCwidXBkYXRlIjoxODAwMDAwMDAwMDAwfX0=",
          "dependencies": [
            "azurerm_network_interface.k8s_main_nic",
            "azurerm_network_security_group.k8s_main_nsg",
            "azurerm_resource_group.rg"
          ]
        }
      ]
    },
    {
      "mode": "managed",
      "type": "azurerm_network_interface_security_group_association",
      "name": "k8s_worker_nsg_assoc",
      "provider": "provider[\"registry.terraform.io/hashicorp/azurerm\"]",
      "instances": [
        {
          "schema_version": 0,
          "attributes": {
            "id": "/subscriptions/e199b595-d2e9-4487-ab34-dcb62c67c71d/resourceGroups/projet-final-groupe-3/providers/Microsoft.Network/networkInterfaces/k8s-worker-nic|/subscriptions/e199b595-d2e9-4487-ab34-dcb62c67c71d/resourceGroups/projet-final-groupe-3/providers/Microsoft.Network/networkSecurityGroups/k8s-worker-nsg",
            "network_interface_id": "/subscriptions/e199b595-d2e9-4487-ab34-dcb62c67c71d/resourceGroups/projet-final-groupe-3/providers/Microsoft.Network/networkInterfaces/k8s-worker-nic",
            "network_security_group_id": "/subscriptions/e199b595-d2e9-4487-ab34-dcb62c67c71d/resourceGroups/projet-final-groupe-3/providers/Microsoft.Network/networkSecurityGroups/k8s-worker-nsg",
            "timeouts": null
          },
          "sensitive_attributes": [],
          "private": "eyJlMmJmYjczMC1lY2FhLTExZTYtOGY4OC0zNDM2M2JjN2M0YzAiOnsiY3JlYXRlIjoxODAwMDAwMDAwMDAwLCJkZWxldGUiOjE4MDAwMDAwMDAwMDAsInJlYWQiOjMwMDAwMDAwMDAwMCwidXBkYXRlIjoxODAwMDAwMDAwMDAwfX0=",
          "dependencies": [
            "azurerm_network_interface.k8s_worker_nic",
            "azurerm_network_security_group.k8s_worker_nsg",
            "azurerm_resource_group.rg"
          ]
        }
      ]
    },
    {
      "mode": "managed",
      "type": "azurerm_network_security_group",
      "name": "gitlab_nsg",
      "provider": "provider[\"registry.terraform.io/hashicorp/azurerm\"]",
      "instances": [
        {
          "schema_version": 0,
          "attributes": {
            "id": "/subscriptions/e199b595-d2e9-4487-ab34-dcb62c67c71d/resourceGroups/projet-final-groupe-3/providers/Microsoft.Network/networkSecurityGroups/gitlab-nsg",
            "location": "westus3",
            "name": "gitlab-nsg",
            "resource_group_name": "projet-final-groupe-3",
            "security_rule": [
              {
                "access": "Allow",
                "description": "",
                "destination_address_prefix": "*",
                "destination_address_prefixes": [],
                "destination_application_security_group_ids": [],
                "destination_port_range": "1022",
                "destination_port_ranges": [],
                "direction": "Inbound",
                "name": "SSH-GitLab",
                "priority": 1002,
                "protocol": "Tcp",
                "source_address_prefix": "*",
                "source_address_prefixes": [],
                "source_application_security_group_ids": [],
                "source_port_range": "*",
                "source_port_ranges": []
              },
              {
                "access": "Allow",
                "description": "",
                "destination_address_prefix": "*",
                "destination_address_prefixes": [],
                "destination_application_security_group_ids": [],
                "destination_port_range": "22",
                "destination_port_ranges": [],
                "direction": "Inbound",
                "name": "SSH-Machine",
                "priority": 1001,
                "protocol": "Tcp",
                "source_address_prefix": "*",
                "source_address_prefixes": [],
                "source_application_security_group_ids": [],
                "source_port_range": "*",
                "source_port_ranges": []
              },
              {
                "access": "Allow",
                "description": "",
                "destination_address_prefix": "*",
                "destination_address_prefixes": [],
                "destination_application_security_group_ids": [],
                "destination_port_range": "443",
                "destination_port_ranges": [],
                "direction": "Inbound",
                "name": "HTTPS",
                "priority": 1003,
                "protocol": "Tcp",
                "source_address_prefix": "*",
                "source_address_prefixes": [],
                "source_application_security_group_ids": [],
                "source_port_range": "*",
                "source_port_ranges": []
              },
              {
                "access": "Allow",
                "description": "",
                "destination_address_prefix": "*",
                "destination_address_prefixes": [],
                "destination_application_security_group_ids": [],
                "destination_port_range": "5050",
                "destination_port_ranges": [],
                "direction": "Inbound",
                "name": "GitLab-Docker",
                "priority": 1005,
                "protocol": "Tcp",
                "source_address_prefix": "*",
                "source_address_prefixes": [],
                "source_application_security_group_ids": [],
                "source_port_range": "*",
                "source_port_ranges": []
              },
              {
                "access": "Allow",
                "description": "",
                "destination_address_prefix": "*",
                "destination_address_prefixes": [],
                "destination_application_security_group_ids": [],
                "destination_port_range": "80",
                "destination_port_ranges": [],
                "direction": "Inbound",
                "name": "HTTP",
                "priority": 1004,
                "protocol": "Tcp",
                "source_address_prefix": "*",
                "source_address_prefixes": [],
                "source_application_security_group_ids": [],
                "source_port_range": "*",
                "source_port_ranges": []
              }
            ],
            "tags": {},
            "timeouts": null
          },
          "sensitive_attributes": [],
          "private": "eyJlMmJmYjczMC1lY2FhLTExZTYtOGY4OC0zNDM2M2JjN2M0YzAiOnsiY3JlYXRlIjoxODAwMDAwMDAwMDAwLCJkZWxldGUiOjE4MDAwMDAwMDAwMDAsInJlYWQiOjMwMDAwMDAwMDAwMCwidXBkYXRlIjoxODAwMDAwMDAwMDAwfX0=",
          "dependencies": [
            "azurerm_resource_group.rg"
          ]
        }
      ]
    },
    {
      "mode": "managed",
      "type": "azurerm_network_security_group",
      "name": "iscsi_nsg",
      "provider": "provider[\"registry.terraform.io/hashicorp/azurerm\"]",
      "instances": [
        {
          "schema_version": 0,
          "attributes": {
            "id": "/subscriptions/e199b595-d2e9-4487-ab34-dcb62c67c71d/resourceGroups/projet-final-groupe-3/providers/Microsoft.Network/networkSecurityGroups/iscsi-nsg",
            "location": "westus3",
            "name": "iscsi-nsg",
            "resource_group_name": "projet-final-groupe-3",
            "security_rule": [
              {
                "access": "Allow",
                "description": "",
                "destination_address_prefix": "*",
                "destination_address_prefixes": [],
                "destination_application_security_group_ids": [],
                "destination_port_range": "22",
                "destination_port_ranges": [],
                "direction": "Inbound",
                "name": "SSH",
                "priority": 1001,
                "protocol": "Tcp",
                "source_address_prefix": "*",
                "source_address_prefixes": [],
                "source_application_security_group_ids": [],
                "source_port_range": "*",
                "source_port_ranges": []
              },
              {
                "access": "Allow",
                "description": "",
                "destination_address_prefix": "*",
                "destination_address_prefixes": [],
                "destination_application_security_group_ids": [],
                "destination_port_range": "3260",
                "destination_port_ranges": [],
                "direction": "Inbound",
                "name": "iSCSI-2",
                "priority": 1004,
                "protocol": "Tcp",
                "source_address_prefix": "*",
                "source_address_prefixes": [],
                "source_application_security_group_ids": [],
                "source_port_range": "*",
                "source_port_ranges": []
              },
              {
                "access": "Allow",
                "description": "",
                "destination_address_prefix": "*",
                "destination_address_prefixes": [],
                "destination_application_security_group_ids": [],
                "destination_port_range": "860",
                "destination_port_ranges": [],
                "direction": "Inbound",
                "name": "iSCSI-1",
                "priority": 1003,
                "protocol": "Tcp",
                "source_address_prefix": "*",
                "source_address_prefixes": [],
                "source_application_security_group_ids": [],
                "source_port_range": "*",
                "source_port_ranges": []
              }
            ],
            "tags": {},
            "timeouts": null
          },
          "sensitive_attributes": [],
          "private": "eyJlMmJmYjczMC1lY2FhLTExZTYtOGY4OC0zNDM2M2JjN2M0YzAiOnsiY3JlYXRlIjoxODAwMDAwMDAwMDAwLCJkZWxldGUiOjE4MDAwMDAwMDAwMDAsInJlYWQiOjMwMDAwMDAwMDAwMCwidXBkYXRlIjoxODAwMDAwMDAwMDAwfX0=",
          "dependencies": [
            "azurerm_resource_group.rg"
          ]
        }
      ]
    },
    {
      "mode": "managed",
      "type": "azurerm_network_security_group",
      "name": "k8s_main_nsg",
      "provider": "provider[\"registry.terraform.io/hashicorp/azurerm\"]",
      "instances": [
        {
          "schema_version": 0,
          "attributes": {
            "id": "/subscriptions/e199b595-d2e9-4487-ab34-dcb62c67c71d/resourceGroups/projet-final-groupe-3/providers/Microsoft.Network/networkSecurityGroups/k8s-main-nsg",
            "location": "westus3",
            "name": "k8s-main-nsg",
            "resource_group_name": "projet-final-groupe-3",
            "security_rule": [
              {
                "access": "Allow",
                "description": "",
                "destination_address_prefix": "*",
                "destination_address_prefixes": [],
                "destination_application_security_group_ids": [],
                "destination_port_range": "*",
                "destination_port_ranges": [],
                "direction": "Inbound",
                "name": "ICMP",
                "priority": 1005,
                "protocol": "Icmp",
                "source_address_prefix": "*",
                "source_address_prefixes": [],
                "source_application_security_group_ids": [],
                "source_port_range": "*",
                "source_port_ranges": []
              },
              {
                "access": "Allow",
                "description": "",
                "destination_address_prefix": "*",
                "destination_address_prefixes": [],
                "destination_application_security_group_ids": [],
                "destination_port_range": "22",
                "destination_port_ranges": [],
                "direction": "Inbound",
                "name": "SSH",
                "priority": 1001,
                "protocol": "Tcp",
                "source_address_prefix": "*",
                "source_address_prefixes": [],
                "source_application_security_group_ids": [],
                "source_port_range": "*",
                "source_port_ranges": []
              },
              {
                "access": "Allow",
                "description": "",
                "destination_address_prefix": "*",
                "destination_address_prefixes": [],
                "destination_application_security_group_ids": [],
                "destination_port_range": "443",
                "destination_port_ranges": [],
                "direction": "Inbound",
                "name": "HTTPS",
                "priority": 1003,
                "protocol": "Tcp",
                "source_address_prefix": "*",
                "source_address_prefixes": [],
                "source_application_security_group_ids": [],
                "source_port_range": "*",
                "source_port_ranges": []
              },
              {
                "access": "Allow",
                "description": "",
                "destination_address_prefix": "*",
                "destination_address_prefixes": [],
                "destination_application_security_group_ids": [],
                "destination_port_range": "6443",
                "destination_port_ranges": [],
                "direction": "Inbound",
                "name": "K8S-Admin",
                "priority": 1006,
                "protocol": "Tcp",
                "source_address_prefix": "*",
                "source_address_prefixes": [],
                "source_application_security_group_ids": [],
                "source_port_range": "*",
                "source_port_ranges": []
              },
              {
                "access": "Allow",
                "description": "",
                "destination_address_prefix": "*",
                "destination_address_prefixes": [],
                "destination_application_security_group_ids": [],
                "destination_port_range": "80",
                "destination_port_ranges": [],
                "direction": "Inbound",
                "name": "HTTP",
                "priority": 1004,
                "protocol": "Tcp",
                "source_address_prefix": "*",
                "source_address_prefixes": [],
                "source_application_security_group_ids": [],
                "source_port_range": "*",
                "source_port_ranges": []
              }
            ],
            "tags": null,
            "timeouts": null
          },
          "sensitive_attributes": [],
          "private": "eyJlMmJmYjczMC1lY2FhLTExZTYtOGY4OC0zNDM2M2JjN2M0YzAiOnsiY3JlYXRlIjoxODAwMDAwMDAwMDAwLCJkZWxldGUiOjE4MDAwMDAwMDAwMDAsInJlYWQiOjMwMDAwMDAwMDAwMCwidXBkYXRlIjoxODAwMDAwMDAwMDAwfX0=",
          "dependencies": [
            "azurerm_resource_group.rg"
          ]
        }
      ]
    },
    {
      "mode": "managed",
      "type": "azurerm_network_security_group",
      "name": "k8s_worker_nsg",
      "provider": "provider[\"registry.terraform.io/hashicorp/azurerm\"]",
      "instances": [
        {
          "schema_version": 0,
          "attributes": {
            "id": "/subscriptions/e199b595-d2e9-4487-ab34-dcb62c67c71d/resourceGroups/projet-final-groupe-3/providers/Microsoft.Network/networkSecurityGroups/k8s-worker-nsg",
            "location": "westus3",
            "name": "k8s-worker-nsg",
            "resource_group_name": "projet-final-groupe-3",
            "security_rule": [
              {
                "access": "Allow",
                "description": "",
                "destination_address_prefix": "*",
                "destination_address_prefixes": [],
                "destination_application_security_group_ids": [],
                "destination_port_range": "*",
                "destination_port_ranges": [],
                "direction": "Inbound",
                "name": "ICMP",
                "priority": 1005,
                "protocol": "Icmp",
                "source_address_prefix": "*",
                "source_address_prefixes": [],
                "source_application_security_group_ids": [],
                "source_port_range": "*",
                "source_port_ranges": []
              },
              {
                "access": "Allow",
                "description": "",
                "destination_address_prefix": "*",
                "destination_address_prefixes": [],
                "destination_application_security_group_ids": [],
                "destination_port_range": "22",
                "destination_port_ranges": [],
                "direction": "Inbound",
                "name": "SSH",
                "priority": 1001,
                "protocol": "Tcp",
                "source_address_prefix": "*",
                "source_address_prefixes": [],
                "source_application_security_group_ids": [],
                "source_port_range": "*",
                "source_port_ranges": []
              },
              {
                "access": "Allow",
                "description": "",
                "destination_address_prefix": "*",
                "destination_address_prefixes": [],
                "destination_application_security_group_ids": [],
                "destination_port_range": "443",
                "destination_port_ranges": [],
                "direction": "Inbound",
                "name": "HTTPS",
                "priority": 1003,
                "protocol": "Tcp",
                "source_address_prefix": "*",
                "source_address_prefixes": [],
                "source_application_security_group_ids": [],
                "source_port_range": "*",
                "source_port_ranges": []
              },
              {
                "access": "Allow",
                "description": "",
                "destination_address_prefix": "*",
                "destination_address_prefixes": [],
                "destination_application_security_group_ids": [],
                "destination_port_range": "80",
                "destination_port_ranges": [],
                "direction": "Inbound",
                "name": "HTTP",
                "priority": 1004,
                "protocol": "Tcp",
                "source_address_prefix": "*",
                "source_address_prefixes": [],
                "source_application_security_group_ids": [],
                "source_port_range": "*",
                "source_port_ranges": []
              }
            ],
            "tags": null,
            "timeouts": null
          },
          "sensitive_attributes": [],
          "private": "eyJlMmJmYjczMC1lY2FhLTExZTYtOGY4OC0zNDM2M2JjN2M0YzAiOnsiY3JlYXRlIjoxODAwMDAwMDAwMDAwLCJkZWxldGUiOjE4MDAwMDAwMDAwMDAsInJlYWQiOjMwMDAwMDAwMDAwMCwidXBkYXRlIjoxODAwMDAwMDAwMDAwfX0=",
          "dependencies": [
            "azurerm_resource_group.rg"
          ]
        }
      ]
    },
    {
      "mode": "managed",
      "type": "azurerm_public_ip",
      "name": "gitlab_ip",
      "provider": "provider[\"registry.terraform.io/hashicorp/azurerm\"]",
      "instances": [
        {
          "schema_version": 0,
          "attributes": {
            "allocation_method": "Static",
            "ddos_protection_mode": "VirtualNetworkInherited",
            "ddos_protection_plan_id": null,
            "domain_name_label": "gitlab-ce",
            "edge_zone": "",
            "fqdn": "gitlab-ce.westus3.cloudapp.azure.com",
            "id": "/subscriptions/e199b595-d2e9-4487-ab34-dcb62c67c71d/resourceGroups/projet-final-groupe-3/providers/Microsoft.Network/publicIPAddresses/gitlab-ip",
            "idle_timeout_in_minutes": 4,
            "ip_address": "20.163.46.12",
            "ip_tags": {},
            "ip_version": "IPv4",
            "location": "westus3",
            "name": "gitlab-ip",
            "public_ip_prefix_id": null,
            "resource_group_name": "projet-final-groupe-3",
            "reverse_fqdn": "",
            "sku": "Basic",
            "sku_tier": "Regional",
            "tags": {},
            "timeouts": null,
            "zones": []
          },
          "sensitive_attributes": [],
          "private": "eyJlMmJmYjczMC1lY2FhLTExZTYtOGY4OC0zNDM2M2JjN2M0YzAiOnsiY3JlYXRlIjoxODAwMDAwMDAwMDAwLCJkZWxldGUiOjE4MDAwMDAwMDAwMDAsInJlYWQiOjMwMDAwMDAwMDAwMCwidXBkYXRlIjoxODAwMDAwMDAwMDAwfX0=",
          "dependencies": [
            "azurerm_resource_group.rg"
          ]
        }
      ]
    },
    {
      "mode": "managed",
      "type": "azurerm_public_ip",
      "name": "iscsi_ip",
      "provider": "provider[\"registry.terraform.io/hashicorp/azurerm\"]",
      "instances": [
        {
          "schema_version": 0,
          "attributes": {
            "allocation_method": "Static",
            "ddos_protection_mode": "VirtualNetworkInherited",
            "ddos_protection_plan_id": null,
            "domain_name_label": null,
            "edge_zone": "",
            "fqdn": null,
            "id": "/subscriptions/e199b595-d2e9-4487-ab34-dcb62c67c71d/resourceGroups/projet-final-groupe-3/providers/Microsoft.Network/publicIPAddresses/iscsi-ip",
            "idle_timeout_in_minutes": 4,
            "ip_address": "20.150.144.43",
            "ip_tags": {},
            "ip_version": "IPv4",
            "location": "westus3",
            "name": "iscsi-ip",
            "public_ip_prefix_id": null,
            "resource_group_name": "projet-final-groupe-3",
            "reverse_fqdn": null,
            "sku": "Basic",
            "sku_tier": "Regional",
            "tags": {},
            "timeouts": null,
            "zones": []
          },
          "sensitive_attributes": [],
          "private": "eyJlMmJmYjczMC1lY2FhLTExZTYtOGY4OC0zNDM2M2JjN2M0YzAiOnsiY3JlYXRlIjoxODAwMDAwMDAwMDAwLCJkZWxldGUiOjE4MDAwMDAwMDAwMDAsInJlYWQiOjMwMDAwMDAwMDAwMCwidXBkYXRlIjoxODAwMDAwMDAwMDAwfX0=",
          "dependencies": [
            "azurerm_resource_group.rg"
          ]
        }
      ]
    },
    {
      "mode": "managed",
      "type": "azurerm_public_ip",
      "name": "k8s_main_ip",
      "provider": "provider[\"registry.terraform.io/hashicorp/azurerm\"]",
      "instances": [
        {
          "schema_version": 0,
          "attributes": {
            "allocation_method": "Static",
            "ddos_protection_mode": "VirtualNetworkInherited",
            "ddos_protection_plan_id": null,
            "domain_name_label": null,
            "edge_zone": "",
            "fqdn": null,
            "id": "/subscriptions/e199b595-d2e9-4487-ab34-dcb62c67c71d/resourceGroups/projet-final-groupe-3/providers/Microsoft.Network/publicIPAddresses/k8s-main-ip",
            "idle_timeout_in_minutes": 4,
            "ip_address": "20.163.46.6",
            "ip_tags": {},
            "ip_version": "IPv4",
            "location": "westus3",
            "name": "k8s-main-ip",
            "public_ip_prefix_id": null,
            "resource_group_name": "projet-final-groupe-3",
            "reverse_fqdn": null,
            "sku": "Basic",
            "sku_tier": "Regional",
            "tags": {},
            "timeouts": null,
            "zones": []
          },
          "sensitive_attributes": [],
          "private": "eyJlMmJmYjczMC1lY2FhLTExZTYtOGY4OC0zNDM2M2JjN2M0YzAiOnsiY3JlYXRlIjoxODAwMDAwMDAwMDAwLCJkZWxldGUiOjE4MDAwMDAwMDAwMDAsInJlYWQiOjMwMDAwMDAwMDAwMCwidXBkYXRlIjoxODAwMDAwMDAwMDAwfX0=",
          "dependencies": [
            "azurerm_resource_group.rg"
          ]
        }
      ]
    },
    {
      "mode": "managed",
      "type": "azurerm_public_ip",
      "name": "k8s_worker_ip",
      "provider": "provider[\"registry.terraform.io/hashicorp/azurerm\"]",
      "instances": [
        {
          "schema_version": 0,
          "attributes": {
            "allocation_method": "Static",
            "ddos_protection_mode": "VirtualNetworkInherited",
            "ddos_protection_plan_id": null,
            "domain_name_label": null,
            "edge_zone": "",
            "fqdn": null,
            "id": "/subscriptions/e199b595-d2e9-4487-ab34-dcb62c67c71d/resourceGroups/projet-final-groupe-3/providers/Microsoft.Network/publicIPAddresses/k8s-worker-ip",
            "idle_timeout_in_minutes": 4,
            "ip_address": "20.163.91.165",
            "ip_tags": {},
            "ip_version": "IPv4",
            "location": "westus3",
            "name": "k8s-worker-ip",
            "public_ip_prefix_id": null,
            "resource_group_name": "projet-final-groupe-3",
            "reverse_fqdn": null,
            "sku": "Basic",
            "sku_tier": "Regional",
            "tags": {},
            "timeouts": null,
            "zones": []
          },
          "sensitive_attributes": [],
          "private": "eyJlMmJmYjczMC1lY2FhLTExZTYtOGY4OC0zNDM2M2JjN2M0YzAiOnsiY3JlYXRlIjoxODAwMDAwMDAwMDAwLCJkZWxldGUiOjE4MDAwMDAwMDAwMDAsInJlYWQiOjMwMDAwMDAwMDAwMCwidXBkYXRlIjoxODAwMDAwMDAwMDAwfX0=",
          "dependencies": [
            "azurerm_resource_group.rg"
          ]
        }
      ]
    },
    {
      "mode": "managed",
      "type": "azurerm_public_ip",
      "name": "vpn_ip",
      "provider": "provider[\"registry.terraform.io/hashicorp/azurerm\"]",
      "instances": [
        {
          "schema_version": 0,
          "attributes": {
            "allocation_method": "Dynamic",
            "ddos_protection_mode": "VirtualNetworkInherited",
            "ddos_protection_plan_id": null,
            "domain_name_label": "final-groupe3",
            "edge_zone": "",
            "fqdn": "final-groupe3.westus3.cloudapp.azure.com",
            "id": "/subscriptions/e199b595-d2e9-4487-ab34-dcb62c67c71d/resourceGroups/projet-final-groupe-3/providers/Microsoft.Network/publicIPAddresses/vpn-ip",
            "idle_timeout_in_minutes": 4,
            "ip_address": "",
            "ip_tags": {},
            "ip_version": "IPv4",
            "location": "westus3",
            "name": "vpn-ip",
            "public_ip_prefix_id": null,
            "resource_group_name": "projet-final-groupe-3",
            "reverse_fqdn": "",
            "sku": "Basic",
            "sku_tier": "Regional",
            "tags": {},
            "timeouts": null,
            "zones": []
          },
          "sensitive_attributes": [],
          "private": "eyJlMmJmYjczMC1lY2FhLTExZTYtOGY4OC0zNDM2M2JjN2M0YzAiOnsiY3JlYXRlIjoxODAwMDAwMDAwMDAwLCJkZWxldGUiOjE4MDAwMDAwMDAwMDAsInJlYWQiOjMwMDAwMDAwMDAwMCwidXBkYXRlIjoxODAwMDAwMDAwMDAwfX0=",
          "dependencies": [
            "azurerm_resource_group.rg"
          ]
        }
      ]
    },
    {
      "mode": "managed",
      "type": "azurerm_resource_group",
      "name": "rg",
      "provider": "provider[\"registry.terraform.io/hashicorp/azurerm\"]",
      "instances": [
        {
          "schema_version": 0,
          "attributes": {
            "id": "/subscriptions/e199b595-d2e9-4487-ab34-dcb62c67c71d/resourceGroups/projet-final-groupe-3",
            "location": "westus3",
            "name": "projet-final-groupe-3",
            "tags": {},
            "timeouts": null
          },
          "sensitive_attributes": [],
          "private": "eyJlMmJmYjczMC1lY2FhLTExZTYtOGY4OC0zNDM2M2JjN2M0YzAiOnsiY3JlYXRlIjo1NDAwMDAwMDAwMDAwLCJkZWxldGUiOjU0MDAwMDAwMDAwMDAsInJlYWQiOjMwMDAwMDAwMDAwMCwidXBkYXRlIjo1NDAwMDAwMDAwMDAwfX0="
        }
      ]
    },
    {
      "mode": "managed",
      "type": "azurerm_subnet",
      "name": "gateway_subnet",
      "provider": "provider[\"registry.terraform.io/hashicorp/azurerm\"]",
      "instances": [
        {
          "schema_version": 0,
          "attributes": {
            "address_prefixes": [
              "10.0.1.0/24"
            ],
            "delegation": [],
            "enforce_private_link_endpoint_network_policies": false,
            "enforce_private_link_service_network_policies": false,
            "id": "/subscriptions/e199b595-d2e9-4487-ab34-dcb62c67c71d/resourceGroups/projet-final-groupe-3/providers/Microsoft.Network/virtualNetworks/vnet/subnets/GatewaySubnet",
            "name": "GatewaySubnet",
            "private_endpoint_network_policies_enabled": true,
            "private_link_service_network_policies_enabled": true,
            "resource_group_name": "projet-final-groupe-3",
            "service_endpoint_policy_ids": [],
            "service_endpoints": [],
            "timeouts": null,
            "virtual_network_name": "vnet"
          },
          "sensitive_attributes": [],
          "private": "eyJlMmJmYjczMC1lY2FhLTExZTYtOGY4OC0zNDM2M2JjN2M0YzAiOnsiY3JlYXRlIjoxODAwMDAwMDAwMDAwLCJkZWxldGUiOjE4MDAwMDAwMDAwMDAsInJlYWQiOjMwMDAwMDAwMDAwMCwidXBkYXRlIjoxODAwMDAwMDAwMDAwfX0=",
          "dependencies": [
            "azurerm_resource_group.rg",
            "azurerm_virtual_network.vnet"
          ]
        }
      ]
    },
    {
      "mode": "managed",
      "type": "azurerm_subnet",
      "name": "subnet",
      "provider": "provider[\"registry.terraform.io/hashicorp/azurerm\"]",
      "instances": [
        {
          "schema_version": 0,
          "attributes": {
            "address_prefixes": [
              "10.0.0.0/24"
            ],
            "delegation": [],
            "enforce_private_link_endpoint_network_policies": false,
            "enforce_private_link_service_network_policies": false,
            "id": "/subscriptions/e199b595-d2e9-4487-ab34-dcb62c67c71d/resourceGroups/projet-final-groupe-3/providers/Microsoft.Network/virtualNetworks/vnet/subnets/subnet",
            "name": "subnet",
            "private_endpoint_network_policies_enabled": true,
            "private_link_service_network_policies_enabled": true,
            "resource_group_name": "projet-final-groupe-3",
            "service_endpoint_policy_ids": [],
            "service_endpoints": [],
            "timeouts": null,
            "virtual_network_name": "vnet"
          },
          "sensitive_attributes": [],
          "private": "eyJlMmJmYjczMC1lY2FhLTExZTYtOGY4OC0zNDM2M2JjN2M0YzAiOnsiY3JlYXRlIjoxODAwMDAwMDAwMDAwLCJkZWxldGUiOjE4MDAwMDAwMDAwMDAsInJlYWQiOjMwMDAwMDAwMDAwMCwidXBkYXRlIjoxODAwMDAwMDAwMDAwfX0=",
          "dependencies": [
            "azurerm_resource_group.rg",
            "azurerm_virtual_network.vnet"
          ]
        }
      ]
    },
    {
      "mode": "managed",
      "type": "azurerm_virtual_network",
      "name": "vnet",
      "provider": "provider[\"registry.terraform.io/hashicorp/azurerm\"]",
      "instances": [
        {
          "schema_version": 0,
          "attributes": {
            "address_space": [
              "10.0.0.0/16"
            ],
            "bgp_community": "",
            "ddos_protection_plan": [],
            "dns_servers": [],
            "edge_zone": "",
            "flow_timeout_in_minutes": 0,
            "guid": "dd356fe9-c911-4213-980e-621e3f7f5bef",
            "id": "/subscriptions/e199b595-d2e9-4487-ab34-dcb62c67c71d/resourceGroups/projet-final-groupe-3/providers/Microsoft.Network/virtualNetworks/vnet",
            "location": "westus3",
            "name": "vnet",
            "resource_group_name": "projet-final-groupe-3",
            "subnet": [
              {
                "address_prefix": "10.0.0.0/24",
                "id": "/subscriptions/e199b595-d2e9-4487-ab34-dcb62c67c71d/resourceGroups/projet-final-groupe-3/providers/Microsoft.Network/virtualNetworks/vnet/subnets/subnet",
                "name": "subnet",
                "security_group": ""
              },
              {
                "address_prefix": "10.0.1.0/24",
                "id": "/subscriptions/e199b595-d2e9-4487-ab34-dcb62c67c71d/resourceGroups/projet-final-groupe-3/providers/Microsoft.Network/virtualNetworks/vnet/subnets/GatewaySubnet",
                "name": "GatewaySubnet",
                "security_group": ""
              }
            ],
            "tags": {},
            "timeouts": null
          },
          "sensitive_attributes": [],
          "private": "eyJlMmJmYjczMC1lY2FhLTExZTYtOGY4OC0zNDM2M2JjN2M0YzAiOnsiY3JlYXRlIjoxODAwMDAwMDAwMDAwLCJkZWxldGUiOjE4MDAwMDAwMDAwMDAsInJlYWQiOjMwMDAwMDAwMDAwMCwidXBkYXRlIjoxODAwMDAwMDAwMDAwfX0=",
          "dependencies": [
            "azurerm_resource_group.rg"
          ]
        }
      ]
    },
    {
      "mode": "managed",
      "type": "local_file",
      "name": "ca_pem",
      "provider": "provider[\"registry.terraform.io/hashicorp/local\"]",
      "instances": [
        {
          "schema_version": 0,
          "attributes": {
            "content": "-----BEGIN CERTIFICATE-----\nMIIDUTCCAjmgAwIBAgIQcK5d1XMgcsEnWrNjPrUxJTANBgkqhkiG9w0BAQsFADAm\nMRAwDgYDVQQKEwdkZXYgZW52MRIwEAYDVQQDEwlDQU9wZW5WUE4wHhcNMjMwMjIz\nMTExNDI0WhcNMjQwMjIzMTcxNDI0WjAmMRAwDgYDVQQKEwdkZXYgZW52MRIwEAYD\nVQQDEwlDQU9wZW5WUE4wggEiMA0GCSqGSIb3DQEBAQUAA4IBDwAwggEKAoIBAQCo\nfHz+5o0v41i4JaGY9z+bxnnluSia291mBoBbqb1tW44P+YNv4b6tVr+CLWyAJ97c\nv7lgnPmPj2pllHr3Yj/hr6koY9bxrWRs/wN8NBDsptD+x2KE4F0Jz/N3e/0HAm7I\n0BgQGs3GwdMtrkOfpnpMUyGg25zMg7sSDi4fZcEkiiI7sx8y9fO61Vt76Kjk5Y6w\nFtdUY/ZxjgtjcM2Xz4G6yE/wdRK1eVCO3Hpaou1p9V52qtP9P6wVVPoX/uD/GgoE\nDWaW0dNxODN05ssNk0HnoAkl3bhPRtUAMTZ7DqLxgfnqAiQ60SVU9GB+/HmtLfui\nCMTgaEAs6t6aJ91Dz7XVAgMBAAGjezB5MA4GA1UdDwEB/wQEAwICpDAdBgNVHSUE\nFjAUBggrBgEFBQcDAQYIKwYBBQUHAwIwDwYDVR0TAQH/BAUwAwEB/zAdBgNVHQ4E\nFgQU6TR4rEHiDrGaTWN6cifIEpnq8YowGAYDVR0RBBEwD4INZmluYWwtZ3JvdXBl\nMzANBgkqhkiG9w0BAQsFAAOCAQEAJusvoVBGRHVgEfpu84S37ki8geqlFk+DGeBF\ngdLWzjwV0iXtj2fm8YLGG8PZkHX6wA3jCptqVYxi1gOsduI/USwbURGfjFKEMXOQ\nr/g7FF5gGTq1xkeEfohmYD/FNNFbp82XikJ/AJVNdU+RuFjZxRxFeebnRCJ71wVp\nOvfa++9ZrJykD0jtHr1MEykDdfH9ejXz/ApDEz6PDkqhQkMQIhYDef/fK7yJCj7J\nu4fsHT/JOddH3swys9KBfP2+8s80qoXWceAHgEK/P/AyodSTmPfzFsMPomOgacCD\nWlpexOpNepFhsRExITB8Z8yyqik1vXiWrO3o6I3xoaGCnsS46w==\n-----END CERTIFICATE-----\n",
            "content_base64": null,
            "directory_permission": "0777",
            "file_permission": "0777",
            "filename": "caCert.pem",
            "id": "e5a3387061e8dd3b0d1320c364c49f78f82e40a5",
            "sensitive_content": null,
            "source": null
          },
          "sensitive_attributes": [],
          "dependencies": [
            "azurerm_public_ip.vpn_ip",
            "azurerm_resource_group.rg",
            "tls_private_key.key",
            "tls_self_signed_cert.ca"
          ]
        }
      ]
    },
    {
      "mode": "managed",
      "type": "null_resource",
      "name": "cert_encode",
      "provider": "provider[\"registry.terraform.io/hashicorp/null\"]",
      "instances": [
        {
          "schema_version": 0,
          "attributes": {
            "id": "8028955534789177221",
            "triggers": null
          },
          "sensitive_attributes": [],
          "dependencies": [
            "azurerm_public_ip.vpn_ip",
            "azurerm_resource_group.rg",
            "local_file.ca_pem",
            "tls_private_key.key",
            "tls_self_signed_cert.ca"
          ]
        }
      ]
    },
    {
      "mode": "managed",
      "type": "tls_cert_request",
      "name": "client_cert",
      "provider": "provider[\"registry.terraform.io/hashicorp/tls\"]",
      "instances": [
        {
          "schema_version": 0,
          "attributes": {
            "cert_request_pem": "-----BEGIN CERTIFICATE REQUEST-----\nMIICbzCCAVcCAQAwKjEQMA4GA1UEChMHZGV2IGVudjEWMBQGA1UEAxMNQ2xpZW50\nT3BlblZQTjCCASIwDQYJKoZIhvcNAQEBBQADggEPADCCAQoCggEBAK3h4DOeeI7r\nGH6WEu/QrJQs6r8LrCB1RAzjRZSCTumKLgPCkgXx9vl2YtKCxDvpt9gnzCYtg18G\nhO2dmZ8nB2cnkxd8Y3migEPG8r0ihjV9cBTRrYGyPFxhi7JXs2Ji85s8d1IFXBS8\nz4aHCO4flg3+Cvt7W+Ae6lHaySCe71d3oGWvIOYHCyGmeA6BLF5KuRXF6AMixDFx\nRJ3Kbps8g02QF25VLge9JnG4YHAEyVZoNs88alf1Cyj6yF4IZzJNcvKVrw9DDqKA\nPxBmmxh2xROoBtP1Iyky4dD3R+u/yfYL/OdZa24N53ZBvOJCqbOzZlbM1+GDAMve\nO06FkcFzrZkCAwEAAaAAMA0GCSqGSIb3DQEBCwUAA4IBAQB/atuSFRhi2a+CKgOA\nAHMPTPBNugzUMHcgcc0FPVg4iCXphNi416ExV8HhdcPsN7eaPJ7MUTuSVsa/QoK9\n3meXIQFu6L7I/DLU3StD/O/Hpwo+k6fDO0/UAv92bZAi64inqwfrVxUnms4IlxuF\nkDWIIv1Vm1Zl+0ddw26kPle2q6cClm9r2dFbUueMbGpAPhjOqNcHKheJCgJMTPUQ\nbVw5fA3Daah6NfeIJCYnmtRS34V0YThuoIStWb/Iz/HNdnqLEzBzccNPYblluAEk\nIRzUjyqtWjvaZSGlQkbdg5AgrprqxtoLYGU07b3JLlMazETViTNF4j7nOxGn0uv9\nr49q\n-----END CERTIFICATE REQUEST-----\n",
            "dns_names": null,
            "id": "4fabf486b176b164f668c85a55ea75a2ca93180e",
            "ip_addresses": null,
            "key_algorithm": "RSA",
            "private_key_pem": "-----BEGIN RSA PRIVATE KEY-----\nMIIEogIBAAKCAQEAreHgM554jusYfpYS79CslCzqvwusIHVEDONFlIJO6YouA8KS\nBfH2+XZi0oLEO+m32CfMJi2DXwaE7Z2ZnycHZyeTF3xjeaKAQ8byvSKGNX1wFNGt\ngbI8XGGLslezYmLzmzx3UgVcFLzPhocI7h+WDf4K+3tb4B7qUdrJIJ7vV3egZa8g\n5gcLIaZ4DoEsXkq5FcXoAyLEMXFEncpumzyDTZAXblUuB70mcbhgcATJVmg2zzxq\nV/ULKPrIXghnMk1y8pWvD0MOooA/EGabGHbFE6gG0/UjKTLh0PdH67/J9gv851lr\nbg3ndkG84kKps7NmVszX4YMAy947ToWRwXOtmQIDAQABAoIBAFTHtxsz/zAf7Jd7\n8MvBAQRWSjbQKCLDSmTGQ1y/lF5GI11t9uizK2pCkLh3TdqwgBUCgoVy14TzlsiM\neSSiUPe40f03hwD9fHCPhjc1qB5YhNeBzIlaMBgS75wLKsmj2YctGjiBqH3r+Xts\nR6xi9jToUs5/PTKvoCw88qfXFneca9TVWI9w6MEifiE9ZSs1gGBOI1i4dGB52utK\nZyH+fGwiJm68QuErG2n0/C/cS/Fwi5c0ce+FX+bpPYe5vVWF0mDyRd9MPQQRUT92\nK6UcsOdVhClrLeSdbWRekbk8n+jMl4RwEf+XGDCc3lh4Llqrxq7BaWgdevmqsxBw\nUDqzXgECgYEA5EgU/xmvnZnNLiINEGkdW/EgMn7YVfvWsDtElHt6ht5RpaA6uw6f\n09HASEvBf7Gq9GwdMvKWFABGR+Ldm1/avCPneyPgv+F2CfmYz345HXYCG+SaGFS0\nPW5ciQYLTbh/v+saXYVroc76PiivFB13rWLOa1U/91x++8GHbjy4U3kCgYEAwv7Y\nLZW5JpipuOa8tNAHywvzocDkNfYJ4WX9QJaSVIpNX5yieMMRp0ABBJpREa1bE/RW\noYRNClH8vwb9cUgk3/8UshJ+z2Jv7VTp8F12eOiRhkE4+5wddl5f7KUEakBMvIU7\nA1YUFeAGPdZA5hyeD54PwneZ33pBGmJcRMpKgyECgYB5Ev4H2tC4zuTy7d5t8MJA\njF/eSEZnPD2+lICoG+F9fJZjONtNcNE2IA5SidNj7ZBVOK434k/U5dxgriOJD8rM\ndGKGfh3qxyK64aW5jyGtzXQK5TERbIN3/XuYtRrzqsIewQvnxCa02DkDFMLe8U4T\nKM+AP+PAR0+WKSuyPQQqSQKBgHskCwsGkW1hXVVKSYN6GGHOw2Wz9apqHSU9jig6\nrmA7Es+9kBDpR32yerIYbffW3TyFwiuv7CMHUbClTmo6oCbg5IXsDi8TQBHF3RKR\nQ17pp/T7vWuP1D9LLBK6x0X+Izeuf20E8Bw8ZFSquENZcSv1qogplX++qdxqn1BF\n27ZhAoGADyCIn/DtIatGid5Pvf03s9Q53hFLHK2hCsfX8+RK29GMxOS3U7MsN20+\nQeHfQ39kdQ9x6G4ZM/RfazFfubDIDOG4MlmXlT/Y/Khck4WmPl7p7dwEDJHQreVa\nBEkGGN5sbUwX/lh0ZyoiAjM5DfEpYF5btULWnddAKKPAP+tS7N4=\n-----END RSA PRIVATE KEY-----\n",
            "subject": [
              {
                "common_name": "ClientOpenVPN",
                "country": null,
                "locality": null,
                "organization": "dev env",
                "organizational_unit": null,
                "postal_code": null,
                "province": null,
                "serial_number": null,
                "street_address": null
              }
            ],
            "uris": null
          },
          "sensitive_attributes": [
            [
              {
                "type": "get_attr",
                "value": "private_key_pem"
              }
            ]
          ],
          "dependencies": [
            "tls_private_key.client_cert"
          ]
        }
      ]
    },
    {
      "mode": "managed",
      "type": "tls_locally_signed_cert",
      "name": "client_cert",
      "provider": "provider[\"registry.terraform.io/hashicorp/tls\"]",
      "instances": [
        {
          "schema_version": 0,
          "attributes": {
            "allowed_uses": [
              "key_encipherment",
              "digital_signature",
              "server_auth",
              "key_encipherment",
              "client_auth"
            ],
            "ca_cert_pem": "-----BEGIN CERTIFICATE-----\nMIIDUTCCAjmgAwIBAgIQcK5d1XMgcsEnWrNjPrUxJTANBgkqhkiG9w0BAQsFADAm\nMRAwDgYDVQQKEwdkZXYgZW52MRIwEAYDVQQDEwlDQU9wZW5WUE4wHhcNMjMwMjIz\nMTExNDI0WhcNMjQwMjIzMTcxNDI0WjAmMRAwDgYDVQQKEwdkZXYgZW52MRIwEAYD\nVQQDEwlDQU9wZW5WUE4wggEiMA0GCSqGSIb3DQEBAQUAA4IBDwAwggEKAoIBAQCo\nfHz+5o0v41i4JaGY9z+bxnnluSia291mBoBbqb1tW44P+YNv4b6tVr+CLWyAJ97c\nv7lgnPmPj2pllHr3Yj/hr6koY9bxrWRs/wN8NBDsptD+x2KE4F0Jz/N3e/0HAm7I\n0BgQGs3GwdMtrkOfpnpMUyGg25zMg7sSDi4fZcEkiiI7sx8y9fO61Vt76Kjk5Y6w\nFtdUY/ZxjgtjcM2Xz4G6yE/wdRK1eVCO3Hpaou1p9V52qtP9P6wVVPoX/uD/GgoE\nDWaW0dNxODN05ssNk0HnoAkl3bhPRtUAMTZ7DqLxgfnqAiQ60SVU9GB+/HmtLfui\nCMTgaEAs6t6aJ91Dz7XVAgMBAAGjezB5MA4GA1UdDwEB/wQEAwICpDAdBgNVHSUE\nFjAUBggrBgEFBQcDAQYIKwYBBQUHAwIwDwYDVR0TAQH/BAUwAwEB/zAdBgNVHQ4E\nFgQU6TR4rEHiDrGaTWN6cifIEpnq8YowGAYDVR0RBBEwD4INZmluYWwtZ3JvdXBl\nMzANBgkqhkiG9w0BAQsFAAOCAQEAJusvoVBGRHVgEfpu84S37ki8geqlFk+DGeBF\ngdLWzjwV0iXtj2fm8YLGG8PZkHX6wA3jCptqVYxi1gOsduI/USwbURGfjFKEMXOQ\nr/g7FF5gGTq1xkeEfohmYD/FNNFbp82XikJ/AJVNdU+RuFjZxRxFeebnRCJ71wVp\nOvfa++9ZrJykD0jtHr1MEykDdfH9ejXz/ApDEz6PDkqhQkMQIhYDef/fK7yJCj7J\nu4fsHT/JOddH3swys9KBfP2+8s80qoXWceAHgEK/P/AyodSTmPfzFsMPomOgacCD\nWlpexOpNepFhsRExITB8Z8yyqik1vXiWrO3o6I3xoaGCnsS46w==\n-----END CERTIFICATE-----\n",
            "ca_key_algorithm": "RSA",
            "ca_private_key_pem": "-----BEGIN RSA PRIVATE KEY-----\nMIIEpAIBAAKCAQEAqHx8/uaNL+NYuCWhmPc/m8Z55bkomtvdZgaAW6m9bVuOD/mD\nb+G+rVa/gi1sgCfe3L+5YJz5j49qZZR692I/4a+pKGPW8a1kbP8DfDQQ7KbQ/sdi\nhOBdCc/zd3v9BwJuyNAYEBrNxsHTLa5Dn6Z6TFMhoNuczIO7Eg4uH2XBJIoiO7Mf\nMvXzutVbe+io5OWOsBbXVGP2cY4LY3DNl8+BushP8HUStXlQjtx6WqLtafVedqrT\n/T+sFVT6F/7g/xoKBA1mltHTcTgzdObLDZNB56AJJd24T0bVADE2ew6i8YH56gIk\nOtElVPRgfvx5rS37ogjE4GhALOremifdQ8+11QIDAQABAoIBAA6XmYvKE/hNzGVG\nfRRudYfcTLpkquuelzI65esKbGmIQGmJxqRt/MGufa+cl4UR7u9Xe4qujb6tQR3D\nGlNKoxW8zP2+h+MujUATZg3fxId6eydVxWaUt/odlIyIpIVy5H1n6G2cpK3OI6gV\nK64sEPODT6pK2u2riwwpRj1Z5rxvRjPC3FJXNnhVtOsxki0rZpQ9zgcdhhirsfCN\nSbOn8Q0y2UtEIeX3LAbIAhckH6IUXkIy6BFSPOBq7hzl4AQPXjCukDpvAtHV+wyo\nzdlZd95D8BIh+SSEoPj5NULxo6s7B+1AqW7fcG4rvvzAWWlGsqJSVGHs7+vLNhz6\ntu+QrhECgYEA3UZBkrHY7iAFoImuXSpAn3DHBe02ZzWQVRte0xdqDZHrsoK4WoL8\nEOjH6UMIpLvoMOcfEY+BmgS3mf7BB/NaDxq8/TtjUYKLEJCH4Lu9CCxxloM1dnqj\nzbe0zMjQhWyyXTBfWLMhe4cyVVebFX5LKznW5tOVLwMiwWhcQsfMumcCgYEAwu11\nJz2pV+Q61iW2WvCyHaDlRkQy6shy3Cf+CCuHsxIigEmXUohQxzpf8DS6oeICVpQA\n7EXy1MlcrMeyh/SBRtx4mgXFlqQho/IWo4CX7fi1piOOq/qfiJBe58uMp9piJGE1\nhtC2Xq5b4UbNLaBbsSZ7iFgtAfnVBHhMPRw7YGMCgYEA2wFra2btX5qAF0nOM1Xb\nijNUOPB0tShVx3aEnweApxezIgaxspwMIixTmPMI/gshoC1RGc9gpfFfS2LS6Sya\nCXMcdMMv5QAA5g82/V6zlQBwGFmbM73knHrjzwA/Kp/P1d5HsIHzdND2J3PDAj3y\n5kCkC+iEsng3ERhaoJoibqcCgYA0POSndnvaZPxrhUHATz68d/DZis9GYh995m3K\njLfaAmMilBYsdQGI0pkBS3A0j9fmkdVJfFleMvRWDVJH4vt+HPlo9WEFRMkLIYZ1\nnLGagYtUkbTbW9fDBkWYwtDX7stcSnzIu0gUSY+v6IR11MKdz91NJawyGly+zOpJ\nejZjVwKBgQCPEN4OiYQQT0MGcAeugrSuOUwWt+251d47jtu7knkgUin31GG1ksDo\nm9czYsQphonKFPoU4HzY0eOc6H1pp6pTUTZw/0mghFs1avSZ0613HB02t8gaOHW+\nowJHc0vICNJa5aVX6u+BGjlo1n1BSRnaWydueSXHPmcGPtHj2r9nfA==\n-----END RSA PRIVATE KEY-----\n",
            "cert_pem": "-----BEGIN CERTIFICATE-----\nMIIDOjCCAiKgAwIBAgIQYez2RLkQZrDzQjSOqwVIbTANBgkqhkiG9w0BAQsFADAm\nMRAwDgYDVQQKEwdkZXYgZW52MRIwEAYDVQQDEwlDQU9wZW5WUE4wHhcNMjMwMjIz\nMTExNDI1WhcNMjgwMjIyMTExNDI1WjAqMRAwDgYDVQQKEwdkZXYgZW52MRYwFAYD\nVQQDEw1DbGllbnRPcGVuVlBOMIIBIjANBgkqhkiG9w0BAQEFAAOCAQ8AMIIBCgKC\nAQEAreHgM554jusYfpYS79CslCzqvwusIHVEDONFlIJO6YouA8KSBfH2+XZi0oLE\nO+m32CfMJi2DXwaE7Z2ZnycHZyeTF3xjeaKAQ8byvSKGNX1wFNGtgbI8XGGLslez\nYmLzmzx3UgVcFLzPhocI7h+WDf4K+3tb4B7qUdrJIJ7vV3egZa8g5gcLIaZ4DoEs\nXkq5FcXoAyLEMXFEncpumzyDTZAXblUuB70mcbhgcATJVmg2zzxqV/ULKPrIXghn\nMk1y8pWvD0MOooA/EGabGHbFE6gG0/UjKTLh0PdH67/J9gv851lrbg3ndkG84kKp\ns7NmVszX4YMAy947ToWRwXOtmQIDAQABo2AwXjAOBgNVHQ8BAf8EBAMCBaAwHQYD\nVR0lBBYwFAYIKwYBBQUHAwEGCCsGAQUFBwMCMAwGA1UdEwEB/wQCMAAwHwYDVR0j\nBBgwFoAU6TR4rEHiDrGaTWN6cifIEpnq8YowDQYJKoZIhvcNAQELBQADggEBABjX\njh6Xfb3Zg9vuCtleWOHmBdJQ8zdtyFdjdwjFTaVMfGKhMzMxRmBIbOSz2zsWUgif\nvMSt4NDbBtFzeglFdqVBzsM/zlDwFBDn+iuCYxMkdGS1nCcyXlRunMi0DppW3PwW\npL3mlI4iMTuQ4hPtkoNMt/SP/d4xi8aVXGjOafBdb6pX0rA6zMzY6z2+B680S5Ul\nsuw+2X9oj8g9AdpA4G+71YDe7SiNNSUNZrENbwi7Aql2G+VC65YKuhjghfLz8y/f\nueuAc30IZIFEhlI59LLBuAHneq4dyYP0vgUWl6hGvyTxyQPNvdA9wiDyeFDwJmeH\n5Hd8Xc4Kgz9T/rnU9Mw=\n-----END CERTIFICATE-----\n",
            "cert_request_pem": "-----BEGIN CERTIFICATE REQUEST-----\nMIICbzCCAVcCAQAwKjEQMA4GA1UEChMHZGV2IGVudjEWMBQGA1UEAxMNQ2xpZW50\nT3BlblZQTjCCASIwDQYJKoZIhvcNAQEBBQADggEPADCCAQoCggEBAK3h4DOeeI7r\nGH6WEu/QrJQs6r8LrCB1RAzjRZSCTumKLgPCkgXx9vl2YtKCxDvpt9gnzCYtg18G\nhO2dmZ8nB2cnkxd8Y3migEPG8r0ihjV9cBTRrYGyPFxhi7JXs2Ji85s8d1IFXBS8\nz4aHCO4flg3+Cvt7W+Ae6lHaySCe71d3oGWvIOYHCyGmeA6BLF5KuRXF6AMixDFx\nRJ3Kbps8g02QF25VLge9JnG4YHAEyVZoNs88alf1Cyj6yF4IZzJNcvKVrw9DDqKA\nPxBmmxh2xROoBtP1Iyky4dD3R+u/yfYL/OdZa24N53ZBvOJCqbOzZlbM1+GDAMve\nO06FkcFzrZkCAwEAAaAAMA0GCSqGSIb3DQEBCwUAA4IBAQB/atuSFRhi2a+CKgOA\nAHMPTPBNugzUMHcgcc0FPVg4iCXphNi416ExV8HhdcPsN7eaPJ7MUTuSVsa/QoK9\n3meXIQFu6L7I/DLU3StD/O/Hpwo+k6fDO0/UAv92bZAi64inqwfrVxUnms4IlxuF\nkDWIIv1Vm1Zl+0ddw26kPle2q6cClm9r2dFbUueMbGpAPhjOqNcHKheJCgJMTPUQ\nbVw5fA3Daah6NfeIJCYnmtRS34V0YThuoIStWb/Iz/HNdnqLEzBzccNPYblluAEk\nIRzUjyqtWjvaZSGlQkbdg5AgrprqxtoLYGU07b3JLlMazETViTNF4j7nOxGn0uv9\nr49q\n-----END CERTIFICATE REQUEST-----\n",
            "early_renewal_hours": 0,
            "id": "130165492567303162848501241310305667181",
            "is_ca_certificate": false,
            "ready_for_renewal": false,
            "set_subject_key_id": false,
            "validity_end_time": "2028-02-22T12:14:25.012458275+01:00",
            "validity_period_hours": 43800,
            "validity_start_time": "2023-02-23T12:14:25.012458275+01:00"
          },
          "sensitive_attributes": [
            [
              {
                "type": "get_attr",
                "value": "ca_private_key_pem"
              }
            ]
          ],
          "dependencies": [
            "azurerm_public_ip.vpn_ip",
            "azurerm_resource_group.rg",
            "tls_cert_request.client_cert",
            "tls_private_key.client_cert",
            "tls_private_key.key",
            "tls_self_signed_cert.ca"
          ]
        }
      ]
    },
    {
      "mode": "managed",
      "type": "tls_private_key",
      "name": "client_cert",
      "provider": "provider[\"registry.terraform.io/hashicorp/tls\"]",
      "instances": [
        {
          "schema_version": 1,
          "attributes": {
            "algorithm": "RSA",
            "ecdsa_curve": "P224",
            "id": "563fc470e31eb7f9f0cbb834f6ef730db8d8e5eb",
            "private_key_openssh": "-----BEGIN OPENSSH PRIVATE KEY-----\nb3BlbnNzaC1rZXktdjEAAAAABG5vbmUAAAAEbm9uZQAAAAAAAAABAAABFwAAAAdz\nc2gtcnNhAAAAAwEAAQAAAQEAreHgM554jusYfpYS79CslCzqvwusIHVEDONFlIJO\n6YouA8KSBfH2+XZi0oLEO+m32CfMJi2DXwaE7Z2ZnycHZyeTF3xjeaKAQ8byvSKG\nNX1wFNGtgbI8XGGLslezYmLzmzx3UgVcFLzPhocI7h+WDf4K+3tb4B7qUdrJIJ7v\nV3egZa8g5gcLIaZ4DoEsXkq5FcXoAyLEMXFEncpumzyDTZAXblUuB70mcbhgcATJ\nVmg2zzxqV/ULKPrIXghnMk1y8pWvD0MOooA/EGabGHbFE6gG0/UjKTLh0PdH67/J\n9gv851lrbg3ndkG84kKps7NmVszX4YMAy947ToWRwXOtmQAAA7jUnQfI1J0HyAAA\nAAdzc2gtcnNhAAABAQCt4eAznniO6xh+lhLv0KyULOq/C6wgdUQM40WUgk7pii4D\nwpIF8fb5dmLSgsQ76bfYJ8wmLYNfBoTtnZmfJwdnJ5MXfGN5ooBDxvK9IoY1fXAU\n0a2BsjxcYYuyV7NiYvObPHdSBVwUvM+GhwjuH5YN/gr7e1vgHupR2skgnu9Xd6Bl\nryDmBwshpngOgSxeSrkVxegDIsQxcUSdym6bPINNkBduVS4HvSZxuGBwBMlWaDbP\nPGpX9Qso+sheCGcyTXLyla8PQw6igD8QZpsYdsUTqAbT9SMpMuHQ90frv8n2C/zn\nWWtuDed2QbziQqmzs2ZWzNfhgwDL3jtOhZHBc62ZAAAAAwEAAQAAAQBUx7cbM/8w\nH+yXe/DLwQEEVko20Cgiw0pkxkNcv5ReRiNdbfbosytqQpC4d03asIAVAoKFcteE\n85bIjHkkolD3uNH9N4cA/Xxwj4Y3NageWITXgcyJWjAYEu+cCyrJo9mHLRo4gah9\n6/l7bEesYvY06FLOfz0yr6AsPPKn1xZ3nGvU1ViPcOjBIn4hPWUrNYBgTiNYuHRg\nedrrSmch/nxsIiZuvELhKxtp9Pwv3EvxcIuXNHHvhV/m6T2Hub1VhdJg8kXfTD0E\nEVE/diulHLDnVYQpay3knW1kXpG5PJ/ozJeEcBH/lxgwnN5YeC5aq8auwWloHXr5\nqrMQcFA6s14BAAAAgA8giJ/w7SGrRoneT739N7PUOd4RSxytoQrH1/PkStvRjMTk\nt1OzLDdtPkHh30N/ZHUPcehuGTP0X2sxX7mwyAzhuDJZl5U/2PyoXJOFpj5e6e3c\nBAyR0K3lWgRJBhjebG1MF/5YdGcqIgIzOQ3xKWBeW7VC1p3XQCijwD/rUuzeAAAA\ngQDkSBT/Ga+dmc0uIg0QaR1b8SAyfthV+9awO0SUe3qG3lGloDq7Dp/T0cBIS8F/\nsar0bB0y8pYUAEZH4t2bX9q8I+d7I+C/4XYJ+ZjPfjkddgIb5JoYVLQ9blyJBgtN\nuH+/6xpdhWuhzvo+KK8UHXetYs5rVT/3XH77wYduPLhTeQAAAIEAwv7YLZW5Jpip\nuOa8tNAHywvzocDkNfYJ4WX9QJaSVIpNX5yieMMRp0ABBJpREa1bE/RWoYRNClH8\nvwb9cUgk3/8UshJ+z2Jv7VTp8F12eOiRhkE4+5wddl5f7KUEakBMvIU7A1YUFeAG\nPdZA5hyeD54PwneZ33pBGmJcRMpKgyEAAAAAAQID\n-----END OPENSSH PRIVATE KEY-----\n",
            "private_key_pem": "-----BEGIN RSA PRIVATE KEY-----\nMIIEogIBAAKCAQEAreHgM554jusYfpYS79CslCzqvwusIHVEDONFlIJO6YouA8KS\nBfH2+XZi0oLEO+m32CfMJi2DXwaE7Z2ZnycHZyeTF3xjeaKAQ8byvSKGNX1wFNGt\ngbI8XGGLslezYmLzmzx3UgVcFLzPhocI7h+WDf4K+3tb4B7qUdrJIJ7vV3egZa8g\n5gcLIaZ4DoEsXkq5FcXoAyLEMXFEncpumzyDTZAXblUuB70mcbhgcATJVmg2zzxq\nV/ULKPrIXghnMk1y8pWvD0MOooA/EGabGHbFE6gG0/UjKTLh0PdH67/J9gv851lr\nbg3ndkG84kKps7NmVszX4YMAy947ToWRwXOtmQIDAQABAoIBAFTHtxsz/zAf7Jd7\n8MvBAQRWSjbQKCLDSmTGQ1y/lF5GI11t9uizK2pCkLh3TdqwgBUCgoVy14TzlsiM\neSSiUPe40f03hwD9fHCPhjc1qB5YhNeBzIlaMBgS75wLKsmj2YctGjiBqH3r+Xts\nR6xi9jToUs5/PTKvoCw88qfXFneca9TVWI9w6MEifiE9ZSs1gGBOI1i4dGB52utK\nZyH+fGwiJm68QuErG2n0/C/cS/Fwi5c0ce+FX+bpPYe5vVWF0mDyRd9MPQQRUT92\nK6UcsOdVhClrLeSdbWRekbk8n+jMl4RwEf+XGDCc3lh4Llqrxq7BaWgdevmqsxBw\nUDqzXgECgYEA5EgU/xmvnZnNLiINEGkdW/EgMn7YVfvWsDtElHt6ht5RpaA6uw6f\n09HASEvBf7Gq9GwdMvKWFABGR+Ldm1/avCPneyPgv+F2CfmYz345HXYCG+SaGFS0\nPW5ciQYLTbh/v+saXYVroc76PiivFB13rWLOa1U/91x++8GHbjy4U3kCgYEAwv7Y\nLZW5JpipuOa8tNAHywvzocDkNfYJ4WX9QJaSVIpNX5yieMMRp0ABBJpREa1bE/RW\noYRNClH8vwb9cUgk3/8UshJ+z2Jv7VTp8F12eOiRhkE4+5wddl5f7KUEakBMvIU7\nA1YUFeAGPdZA5hyeD54PwneZ33pBGmJcRMpKgyECgYB5Ev4H2tC4zuTy7d5t8MJA\njF/eSEZnPD2+lICoG+F9fJZjONtNcNE2IA5SidNj7ZBVOK434k/U5dxgriOJD8rM\ndGKGfh3qxyK64aW5jyGtzXQK5TERbIN3/XuYtRrzqsIewQvnxCa02DkDFMLe8U4T\nKM+AP+PAR0+WKSuyPQQqSQKBgHskCwsGkW1hXVVKSYN6GGHOw2Wz9apqHSU9jig6\nrmA7Es+9kBDpR32yerIYbffW3TyFwiuv7CMHUbClTmo6oCbg5IXsDi8TQBHF3RKR\nQ17pp/T7vWuP1D9LLBK6x0X+Izeuf20E8Bw8ZFSquENZcSv1qogplX++qdxqn1BF\n27ZhAoGADyCIn/DtIatGid5Pvf03s9Q53hFLHK2hCsfX8+RK29GMxOS3U7MsN20+\nQeHfQ39kdQ9x6G4ZM/RfazFfubDIDOG4MlmXlT/Y/Khck4WmPl7p7dwEDJHQreVa\nBEkGGN5sbUwX/lh0ZyoiAjM5DfEpYF5btULWnddAKKPAP+tS7N4=\n-----END RSA PRIVATE KEY-----\n",
            "private_key_pem_pkcs8": "-----BEGIN PRIVATE KEY-----\nMIIEvAIBADANBgkqhkiG9w0BAQEFAASCBKYwggSiAgEAAoIBAQCt4eAznniO6xh+\nlhLv0KyULOq/C6wgdUQM40WUgk7pii4DwpIF8fb5dmLSgsQ76bfYJ8wmLYNfBoTt\nnZmfJwdnJ5MXfGN5ooBDxvK9IoY1fXAU0a2BsjxcYYuyV7NiYvObPHdSBVwUvM+G\nhwjuH5YN/gr7e1vgHupR2skgnu9Xd6BlryDmBwshpngOgSxeSrkVxegDIsQxcUSd\nym6bPINNkBduVS4HvSZxuGBwBMlWaDbPPGpX9Qso+sheCGcyTXLyla8PQw6igD8Q\nZpsYdsUTqAbT9SMpMuHQ90frv8n2C/znWWtuDed2QbziQqmzs2ZWzNfhgwDL3jtO\nhZHBc62ZAgMBAAECggEAVMe3GzP/MB/sl3vwy8EBBFZKNtAoIsNKZMZDXL+UXkYj\nXW326LMrakKQuHdN2rCAFQKChXLXhPOWyIx5JKJQ97jR/TeHAP18cI+GNzWoHliE\n14HMiVowGBLvnAsqyaPZhy0aOIGofev5e2xHrGL2NOhSzn89Mq+gLDzyp9cWd5xr\n1NVYj3DowSJ+IT1lKzWAYE4jWLh0YHna60pnIf58bCImbrxC4SsbafT8L9xL8XCL\nlzRx74Vf5uk9h7m9VYXSYPJF30w9BBFRP3YrpRyw51WEKWst5J1tZF6RuTyf6MyX\nhHAR/5cYMJzeWHguWqvGrsFpaB16+aqzEHBQOrNeAQKBgQDkSBT/Ga+dmc0uIg0Q\naR1b8SAyfthV+9awO0SUe3qG3lGloDq7Dp/T0cBIS8F/sar0bB0y8pYUAEZH4t2b\nX9q8I+d7I+C/4XYJ+ZjPfjkddgIb5JoYVLQ9blyJBgtNuH+/6xpdhWuhzvo+KK8U\nHXetYs5rVT/3XH77wYduPLhTeQKBgQDC/tgtlbkmmKm45ry00AfLC/OhwOQ19gnh\nZf1AlpJUik1fnKJ4wxGnQAEEmlERrVsT9FahhE0KUfy/Bv1xSCTf/xSyEn7PYm/t\nVOnwXXZ46JGGQTj7nB12Xl/spQRqQEy8hTsDVhQV4AY91kDmHJ4Png/Cd5nfekEa\nYlxEykqDIQKBgHkS/gfa0LjO5PLt3m3wwkCMX95IRmc8Pb6UgKgb4X18lmM4201w\n0TYgDlKJ02PtkFU4rjfiT9Tl3GCuI4kPysx0YoZ+HerHIrrhpbmPIa3NdArlMRFs\ng3f9e5i1GvOqwh7BC+fEJrTYOQMUwt7xThMoz4A/48BHT5YpK7I9BCpJAoGAeyQL\nCwaRbWFdVUpJg3oYYc7DZbP1qmodJT2OKDquYDsSz72QEOlHfbJ6shht99bdPIXC\nK6/sIwdRsKVOajqgJuDkhewOLxNAEcXdEpFDXumn9Pu9a4/UP0ssErrHRf4jN65/\nbQTwHDxkVKq4Q1lxK/WqiCmVf76p3GqfUEXbtmECgYAPIIif8O0hq0aJ3k+9/Tez\n1DneEUscraEKx9fz5Erb0YzE5LdTsyw3bT5B4d9Df2R1D3Hobhkz9F9rMV+5sMgM\n4bgyWZeVP9j8qFyThaY+Xunt3AQMkdCt5VoESQYY3mxtTBf+WHRnKiICMzkN8Slg\nXlu1Qtad10Aoo8A/61Ls3g==\n-----END PRIVATE KEY-----\n",
            "public_key_fingerprint_md5": "a6:92:40:43:59:c9:b2:47:d5:50:94:b5:41:c9:86:ad",
            "public_key_fingerprint_sha256": "SHA256:XHHwnWARljC6mGq6p9iCiaFkA4CPlA8SHijcv7ySgpE",
            "public_key_openssh": "ssh-rsa AAAAB3NzaC1yc2EAAAADAQABAAABAQCt4eAznniO6xh+lhLv0KyULOq/C6wgdUQM40WUgk7pii4DwpIF8fb5dmLSgsQ76bfYJ8wmLYNfBoTtnZmfJwdnJ5MXfGN5ooBDxvK9IoY1fXAU0a2BsjxcYYuyV7NiYvObPHdSBVwUvM+GhwjuH5YN/gr7e1vgHupR2skgnu9Xd6BlryDmBwshpngOgSxeSrkVxegDIsQxcUSdym6bPINNkBduVS4HvSZxuGBwBMlWaDbPPGpX9Qso+sheCGcyTXLyla8PQw6igD8QZpsYdsUTqAbT9SMpMuHQ90frv8n2C/znWWtuDed2QbziQqmzs2ZWzNfhgwDL3jtOhZHBc62Z\n",
            "public_key_pem": "-----BEGIN PUBLIC KEY-----\nMIIBIjANBgkqhkiG9w0BAQEFAAOCAQ8AMIIBCgKCAQEAreHgM554jusYfpYS79Cs\nlCzqvwusIHVEDONFlIJO6YouA8KSBfH2+XZi0oLEO+m32CfMJi2DXwaE7Z2ZnycH\nZyeTF3xjeaKAQ8byvSKGNX1wFNGtgbI8XGGLslezYmLzmzx3UgVcFLzPhocI7h+W\nDf4K+3tb4B7qUdrJIJ7vV3egZa8g5gcLIaZ4DoEsXkq5FcXoAyLEMXFEncpumzyD\nTZAXblUuB70mcbhgcATJVmg2zzxqV/ULKPrIXghnMk1y8pWvD0MOooA/EGabGHbF\nE6gG0/UjKTLh0PdH67/J9gv851lrbg3ndkG84kKps7NmVszX4YMAy947ToWRwXOt\nmQIDAQAB\n-----END PUBLIC KEY-----\n",
            "rsa_bits": 2048
          },
          "sensitive_attributes": []
        }
      ]
    },
    {
      "mode": "managed",
      "type": "tls_private_key",
      "name": "key",
      "provider": "provider[\"registry.terraform.io/hashicorp/tls\"]",
      "instances": [
        {
          "schema_version": 1,
          "attributes": {
            "algorithm": "RSA",
            "ecdsa_curve": "P224",
            "id": "50a97412d4d5a4a722ab65f15c95cca4aa883faf",
            "private_key_openssh": "-----BEGIN OPENSSH PRIVATE KEY-----\nb3BlbnNzaC1rZXktdjEAAAAABG5vbmUAAAAEbm9uZQAAAAAAAAABAAABFwAAAAdz\nc2gtcnNhAAAAAwEAAQAAAQEAqHx8/uaNL+NYuCWhmPc/m8Z55bkomtvdZgaAW6m9\nbVuOD/mDb+G+rVa/gi1sgCfe3L+5YJz5j49qZZR692I/4a+pKGPW8a1kbP8DfDQQ\n7KbQ/sdihOBdCc/zd3v9BwJuyNAYEBrNxsHTLa5Dn6Z6TFMhoNuczIO7Eg4uH2XB\nJIoiO7MfMvXzutVbe+io5OWOsBbXVGP2cY4LY3DNl8+BushP8HUStXlQjtx6WqLt\nafVedqrT/T+sFVT6F/7g/xoKBA1mltHTcTgzdObLDZNB56AJJd24T0bVADE2ew6i\n8YH56gIkOtElVPRgfvx5rS37ogjE4GhALOremifdQ8+11QAAA7iF5/Tkhef05AAA\nAAdzc2gtcnNhAAABAQCofHz+5o0v41i4JaGY9z+bxnnluSia291mBoBbqb1tW44P\n+YNv4b6tVr+CLWyAJ97cv7lgnPmPj2pllHr3Yj/hr6koY9bxrWRs/wN8NBDsptD+\nx2KE4F0Jz/N3e/0HAm7I0BgQGs3GwdMtrkOfpnpMUyGg25zMg7sSDi4fZcEkiiI7\nsx8y9fO61Vt76Kjk5Y6wFtdUY/ZxjgtjcM2Xz4G6yE/wdRK1eVCO3Hpaou1p9V52\nqtP9P6wVVPoX/uD/GgoEDWaW0dNxODN05ssNk0HnoAkl3bhPRtUAMTZ7DqLxgfnq\nAiQ60SVU9GB+/HmtLfuiCMTgaEAs6t6aJ91Dz7XVAAAAAwEAAQAAAQAOl5mLyhP4\nTcxlRn0UbnWH3Ey6ZKrrnpcyOuXrCmxpiEBpicakbfzBrn2vnJeFEe7vV3uKro2+\nrUEdwxpTSqMVvMz9vofjLo1AE2YN38SHensnVcVmlLf6HZSMiKSFcuR9Z+htnKSt\nziOoFSuuLBDzg0+qStrtq4sMKUY9Wea8b0YzwtxSVzZ4VbTrMZItK2aUPc4HHYYY\nq7HwjUmzp/ENMtlLRCHl9ywGyAIXJB+iFF5CMugRUjzgau4c5eAED14wrpA6bwLR\n1fsMqM3ZWXfeQ/ASIfkkhKD4+TVC8aOrOwftQKlu33BuK778wFlpRrKiUlRh7O/r\nyzYc+rbvkK4RAAAAgQCPEN4OiYQQT0MGcAeugrSuOUwWt+251d47jtu7knkgUin3\n1GG1ksDom9czYsQphonKFPoU4HzY0eOc6H1pp6pTUTZw/0mghFs1avSZ0613HB02\nt8gaOHW+owJHc0vICNJa5aVX6u+BGjlo1n1BSRnaWydueSXHPmcGPtHj2r9nfAAA\nAIEA3UZBkrHY7iAFoImuXSpAn3DHBe02ZzWQVRte0xdqDZHrsoK4WoL8EOjH6UMI\npLvoMOcfEY+BmgS3mf7BB/NaDxq8/TtjUYKLEJCH4Lu9CCxxloM1dnqjzbe0zMjQ\nhWyyXTBfWLMhe4cyVVebFX5LKznW5tOVLwMiwWhcQsfMumcAAACBAMLtdSc9qVfk\nOtYltlrwsh2g5UZEMurIctwn/ggrh7MSIoBJl1KIUMc6X/A0uqHiAlaUAOxF8tTJ\nXKzHsof0gUbceJoFxZakIaPyFqOAl+34taYjjqv6n4iQXufLjKfaYiRhNYbQtl6u\nW+FGzS2gW7Eme4hYLQH51QR4TD0cO2BjAAAAAAEC\n-----END OPENSSH PRIVATE KEY-----\n",
            "private_key_pem": "-----BEGIN RSA PRIVATE KEY-----\nMIIEpAIBAAKCAQEAqHx8/uaNL+NYuCWhmPc/m8Z55bkomtvdZgaAW6m9bVuOD/mD\nb+G+rVa/gi1sgCfe3L+5YJz5j49qZZR692I/4a+pKGPW8a1kbP8DfDQQ7KbQ/sdi\nhOBdCc/zd3v9BwJuyNAYEBrNxsHTLa5Dn6Z6TFMhoNuczIO7Eg4uH2XBJIoiO7Mf\nMvXzutVbe+io5OWOsBbXVGP2cY4LY3DNl8+BushP8HUStXlQjtx6WqLtafVedqrT\n/T+sFVT6F/7g/xoKBA1mltHTcTgzdObLDZNB56AJJd24T0bVADE2ew6i8YH56gIk\nOtElVPRgfvx5rS37ogjE4GhALOremifdQ8+11QIDAQABAoIBAA6XmYvKE/hNzGVG\nfRRudYfcTLpkquuelzI65esKbGmIQGmJxqRt/MGufa+cl4UR7u9Xe4qujb6tQR3D\nGlNKoxW8zP2+h+MujUATZg3fxId6eydVxWaUt/odlIyIpIVy5H1n6G2cpK3OI6gV\nK64sEPODT6pK2u2riwwpRj1Z5rxvRjPC3FJXNnhVtOsxki0rZpQ9zgcdhhirsfCN\nSbOn8Q0y2UtEIeX3LAbIAhckH6IUXkIy6BFSPOBq7hzl4AQPXjCukDpvAtHV+wyo\nzdlZd95D8BIh+SSEoPj5NULxo6s7B+1AqW7fcG4rvvzAWWlGsqJSVGHs7+vLNhz6\ntu+QrhECgYEA3UZBkrHY7iAFoImuXSpAn3DHBe02ZzWQVRte0xdqDZHrsoK4WoL8\nEOjH6UMIpLvoMOcfEY+BmgS3mf7BB/NaDxq8/TtjUYKLEJCH4Lu9CCxxloM1dnqj\nzbe0zMjQhWyyXTBfWLMhe4cyVVebFX5LKznW5tOVLwMiwWhcQsfMumcCgYEAwu11\nJz2pV+Q61iW2WvCyHaDlRkQy6shy3Cf+CCuHsxIigEmXUohQxzpf8DS6oeICVpQA\n7EXy1MlcrMeyh/SBRtx4mgXFlqQho/IWo4CX7fi1piOOq/qfiJBe58uMp9piJGE1\nhtC2Xq5b4UbNLaBbsSZ7iFgtAfnVBHhMPRw7YGMCgYEA2wFra2btX5qAF0nOM1Xb\nijNUOPB0tShVx3aEnweApxezIgaxspwMIixTmPMI/gshoC1RGc9gpfFfS2LS6Sya\nCXMcdMMv5QAA5g82/V6zlQBwGFmbM73knHrjzwA/Kp/P1d5HsIHzdND2J3PDAj3y\n5kCkC+iEsng3ERhaoJoibqcCgYA0POSndnvaZPxrhUHATz68d/DZis9GYh995m3K\njLfaAmMilBYsdQGI0pkBS3A0j9fmkdVJfFleMvRWDVJH4vt+HPlo9WEFRMkLIYZ1\nnLGagYtUkbTbW9fDBkWYwtDX7stcSnzIu0gUSY+v6IR11MKdz91NJawyGly+zOpJ\nejZjVwKBgQCPEN4OiYQQT0MGcAeugrSuOUwWt+251d47jtu7knkgUin31GG1ksDo\nm9czYsQphonKFPoU4HzY0eOc6H1pp6pTUTZw/0mghFs1avSZ0613HB02t8gaOHW+\nowJHc0vICNJa5aVX6u+BGjlo1n1BSRnaWydueSXHPmcGPtHj2r9nfA==\n-----END RSA PRIVATE KEY-----\n",
            "private_key_pem_pkcs8": "-----BEGIN PRIVATE KEY-----\nMIIEvgIBADANBgkqhkiG9w0BAQEFAASCBKgwggSkAgEAAoIBAQCofHz+5o0v41i4\nJaGY9z+bxnnluSia291mBoBbqb1tW44P+YNv4b6tVr+CLWyAJ97cv7lgnPmPj2pl\nlHr3Yj/hr6koY9bxrWRs/wN8NBDsptD+x2KE4F0Jz/N3e/0HAm7I0BgQGs3GwdMt\nrkOfpnpMUyGg25zMg7sSDi4fZcEkiiI7sx8y9fO61Vt76Kjk5Y6wFtdUY/Zxjgtj\ncM2Xz4G6yE/wdRK1eVCO3Hpaou1p9V52qtP9P6wVVPoX/uD/GgoEDWaW0dNxODN0\n5ssNk0HnoAkl3bhPRtUAMTZ7DqLxgfnqAiQ60SVU9GB+/HmtLfuiCMTgaEAs6t6a\nJ91Dz7XVAgMBAAECggEADpeZi8oT+E3MZUZ9FG51h9xMumSq656XMjrl6wpsaYhA\naYnGpG38wa59r5yXhRHu71d7iq6Nvq1BHcMaU0qjFbzM/b6H4y6NQBNmDd/Eh3p7\nJ1XFZpS3+h2UjIikhXLkfWfobZykrc4jqBUrriwQ84NPqkra7auLDClGPVnmvG9G\nM8LcUlc2eFW06zGSLStmlD3OBx2GGKux8I1Js6fxDTLZS0Qh5fcsBsgCFyQfohRe\nQjLoEVI84GruHOXgBA9eMK6QOm8C0dX7DKjN2Vl33kPwEiH5JISg+Pk1QvGjqzsH\n7UCpbt9wbiu+/MBZaUayolJUYezv68s2HPq275CuEQKBgQDdRkGSsdjuIAWgia5d\nKkCfcMcF7TZnNZBVG17TF2oNkeuygrhagvwQ6MfpQwiku+gw5x8Rj4GaBLeZ/sEH\n81oPGrz9O2NRgosQkIfgu70ILHGWgzV2eqPNt7TMyNCFbLJdMF9YsyF7hzJVV5sV\nfksrOdbm05UvAyLBaFxCx8y6ZwKBgQDC7XUnPalX5DrWJbZa8LIdoOVGRDLqyHLc\nJ/4IK4ezEiKASZdSiFDHOl/wNLqh4gJWlADsRfLUyVysx7KH9IFG3HiaBcWWpCGj\n8hajgJft+LWmI46r+p+IkF7ny4yn2mIkYTWG0LZerlvhRs0toFuxJnuIWC0B+dUE\neEw9HDtgYwKBgQDbAWtrZu1fmoAXSc4zVduKM1Q48HS1KFXHdoSfB4CnF7MiBrGy\nnAwiLFOY8wj+CyGgLVEZz2Cl8V9LYtLpLJoJcxx0wy/lAADmDzb9XrOVAHAYWZsz\nveSceuPPAD8qn8/V3kewgfN00PYnc8MCPfLmQKQL6ISyeDcRGFqgmiJupwKBgDQ8\n5Kd2e9pk/GuFQcBPPrx38NmKz0ZiH33mbcqMt9oCYyKUFix1AYjSmQFLcDSP1+aR\n1Ul8WV4y9FYNUkfi+34c+Wj1YQVEyQshhnWcsZqBi1SRtNtb18MGRZjC0Nfuy1xK\nfMi7SBRJj6/ohHXUwp3P3U0lrDIaXL7M6kl6NmNXAoGBAI8Q3g6JhBBPQwZwB66C\ntK45TBa37bnV3juO27uSeSBSKffUYbWSwOib1zNixCmGicoU+hTgfNjR45zofWmn\nqlNRNnD/SaCEWzVq9JnTrXccHTa3yBo4db6jAkdzS8gI0lrlpVfq74EaOWjWfUFJ\nGdpbJ255Jcc+ZwY+0ePav2d8\n-----END PRIVATE KEY-----\n",
            "public_key_fingerprint_md5": "47:d9:79:16:a6:96:59:74:61:75:93:c1:6c:d2:1e:fe",
            "public_key_fingerprint_sha256": "SHA256:D29RwmAlYo58PQZfwvTiwwgyFMF+gbp0HY5ZqySYti4",
            "public_key_openssh": "ssh-rsa AAAAB3NzaC1yc2EAAAADAQABAAABAQCofHz+5o0v41i4JaGY9z+bxnnluSia291mBoBbqb1tW44P+YNv4b6tVr+CLWyAJ97cv7lgnPmPj2pllHr3Yj/hr6koY9bxrWRs/wN8NBDsptD+x2KE4F0Jz/N3e/0HAm7I0BgQGs3GwdMtrkOfpnpMUyGg25zMg7sSDi4fZcEkiiI7sx8y9fO61Vt76Kjk5Y6wFtdUY/ZxjgtjcM2Xz4G6yE/wdRK1eVCO3Hpaou1p9V52qtP9P6wVVPoX/uD/GgoEDWaW0dNxODN05ssNk0HnoAkl3bhPRtUAMTZ7DqLxgfnqAiQ60SVU9GB+/HmtLfuiCMTgaEAs6t6aJ91Dz7XV\n",
            "public_key_pem": "-----BEGIN PUBLIC KEY-----\nMIIBIjANBgkqhkiG9w0BAQEFAAOCAQ8AMIIBCgKCAQEAqHx8/uaNL+NYuCWhmPc/\nm8Z55bkomtvdZgaAW6m9bVuOD/mDb+G+rVa/gi1sgCfe3L+5YJz5j49qZZR692I/\n4a+pKGPW8a1kbP8DfDQQ7KbQ/sdihOBdCc/zd3v9BwJuyNAYEBrNxsHTLa5Dn6Z6\nTFMhoNuczIO7Eg4uH2XBJIoiO7MfMvXzutVbe+io5OWOsBbXVGP2cY4LY3DNl8+B\nushP8HUStXlQjtx6WqLtafVedqrT/T+sFVT6F/7g/xoKBA1mltHTcTgzdObLDZNB\n56AJJd24T0bVADE2ew6i8YH56gIkOtElVPRgfvx5rS37ogjE4GhALOremifdQ8+1\n1QIDAQAB\n-----END PUBLIC KEY-----\n",
            "rsa_bits": 2048
          },
          "sensitive_attributes": []
        }
      ]
    },
    {
      "mode": "managed",
      "type": "tls_self_signed_cert",
      "name": "ca",
      "provider": "provider[\"registry.terraform.io/hashicorp/tls\"]",
      "instances": [
        {
          "schema_version": 0,
          "attributes": {
            "allowed_uses": [
              "key_encipherment",
              "digital_signature",
              "server_auth",
              "client_auth",
              "cert_signing"
            ],
            "cert_pem": "-----BEGIN CERTIFICATE-----\nMIIDUTCCAjmgAwIBAgIQcK5d1XMgcsEnWrNjPrUxJTANBgkqhkiG9w0BAQsFADAm\nMRAwDgYDVQQKEwdkZXYgZW52MRIwEAYDVQQDEwlDQU9wZW5WUE4wHhcNMjMwMjIz\nMTExNDI0WhcNMjQwMjIzMTcxNDI0WjAmMRAwDgYDVQQKEwdkZXYgZW52MRIwEAYD\nVQQDEwlDQU9wZW5WUE4wggEiMA0GCSqGSIb3DQEBAQUAA4IBDwAwggEKAoIBAQCo\nfHz+5o0v41i4JaGY9z+bxnnluSia291mBoBbqb1tW44P+YNv4b6tVr+CLWyAJ97c\nv7lgnPmPj2pllHr3Yj/hr6koY9bxrWRs/wN8NBDsptD+x2KE4F0Jz/N3e/0HAm7I\n0BgQGs3GwdMtrkOfpnpMUyGg25zMg7sSDi4fZcEkiiI7sx8y9fO61Vt76Kjk5Y6w\nFtdUY/ZxjgtjcM2Xz4G6yE/wdRK1eVCO3Hpaou1p9V52qtP9P6wVVPoX/uD/GgoE\nDWaW0dNxODN05ssNk0HnoAkl3bhPRtUAMTZ7DqLxgfnqAiQ60SVU9GB+/HmtLfui\nCMTgaEAs6t6aJ91Dz7XVAgMBAAGjezB5MA4GA1UdDwEB/wQEAwICpDAdBgNVHSUE\nFjAUBggrBgEFBQcDAQYIKwYBBQUHAwIwDwYDVR0TAQH/BAUwAwEB/zAdBgNVHQ4E\nFgQU6TR4rEHiDrGaTWN6cifIEpnq8YowGAYDVR0RBBEwD4INZmluYWwtZ3JvdXBl\nMzANBgkqhkiG9w0BAQsFAAOCAQEAJusvoVBGRHVgEfpu84S37ki8geqlFk+DGeBF\ngdLWzjwV0iXtj2fm8YLGG8PZkHX6wA3jCptqVYxi1gOsduI/USwbURGfjFKEMXOQ\nr/g7FF5gGTq1xkeEfohmYD/FNNFbp82XikJ/AJVNdU+RuFjZxRxFeebnRCJ71wVp\nOvfa++9ZrJykD0jtHr1MEykDdfH9ejXz/ApDEz6PDkqhQkMQIhYDef/fK7yJCj7J\nu4fsHT/JOddH3swys9KBfP2+8s80qoXWceAHgEK/P/AyodSTmPfzFsMPomOgacCD\nWlpexOpNepFhsRExITB8Z8yyqik1vXiWrO3o6I3xoaGCnsS46w==\n-----END CERTIFICATE-----\n",
            "dns_names": [
              "final-groupe3"
            ],
            "early_renewal_hours": 200,
            "id": "149778898356617396584762812188570497317",
            "ip_addresses": null,
            "is_ca_certificate": true,
            "key_algorithm": "RSA",
            "private_key_pem": "-----BEGIN RSA PRIVATE KEY-----\nMIIEpAIBAAKCAQEAqHx8/uaNL+NYuCWhmPc/m8Z55bkomtvdZgaAW6m9bVuOD/mD\nb+G+rVa/gi1sgCfe3L+5YJz5j49qZZR692I/4a+pKGPW8a1kbP8DfDQQ7KbQ/sdi\nhOBdCc/zd3v9BwJuyNAYEBrNxsHTLa5Dn6Z6TFMhoNuczIO7Eg4uH2XBJIoiO7Mf\nMvXzutVbe+io5OWOsBbXVGP2cY4LY3DNl8+BushP8HUStXlQjtx6WqLtafVedqrT\n/T+sFVT6F/7g/xoKBA1mltHTcTgzdObLDZNB56AJJd24T0bVADE2ew6i8YH56gIk\nOtElVPRgfvx5rS37ogjE4GhALOremifdQ8+11QIDAQABAoIBAA6XmYvKE/hNzGVG\nfRRudYfcTLpkquuelzI65esKbGmIQGmJxqRt/MGufa+cl4UR7u9Xe4qujb6tQR3D\nGlNKoxW8zP2+h+MujUATZg3fxId6eydVxWaUt/odlIyIpIVy5H1n6G2cpK3OI6gV\nK64sEPODT6pK2u2riwwpRj1Z5rxvRjPC3FJXNnhVtOsxki0rZpQ9zgcdhhirsfCN\nSbOn8Q0y2UtEIeX3LAbIAhckH6IUXkIy6BFSPOBq7hzl4AQPXjCukDpvAtHV+wyo\nzdlZd95D8BIh+SSEoPj5NULxo6s7B+1AqW7fcG4rvvzAWWlGsqJSVGHs7+vLNhz6\ntu+QrhECgYEA3UZBkrHY7iAFoImuXSpAn3DHBe02ZzWQVRte0xdqDZHrsoK4WoL8\nEOjH6UMIpLvoMOcfEY+BmgS3mf7BB/NaDxq8/TtjUYKLEJCH4Lu9CCxxloM1dnqj\nzbe0zMjQhWyyXTBfWLMhe4cyVVebFX5LKznW5tOVLwMiwWhcQsfMumcCgYEAwu11\nJz2pV+Q61iW2WvCyHaDlRkQy6shy3Cf+CCuHsxIigEmXUohQxzpf8DS6oeICVpQA\n7EXy1MlcrMeyh/SBRtx4mgXFlqQho/IWo4CX7fi1piOOq/qfiJBe58uMp9piJGE1\nhtC2Xq5b4UbNLaBbsSZ7iFgtAfnVBHhMPRw7YGMCgYEA2wFra2btX5qAF0nOM1Xb\nijNUOPB0tShVx3aEnweApxezIgaxspwMIixTmPMI/gshoC1RGc9gpfFfS2LS6Sya\nCXMcdMMv5QAA5g82/V6zlQBwGFmbM73knHrjzwA/Kp/P1d5HsIHzdND2J3PDAj3y\n5kCkC+iEsng3ERhaoJoibqcCgYA0POSndnvaZPxrhUHATz68d/DZis9GYh995m3K\njLfaAmMilBYsdQGI0pkBS3A0j9fmkdVJfFleMvRWDVJH4vt+HPlo9WEFRMkLIYZ1\nnLGagYtUkbTbW9fDBkWYwtDX7stcSnzIu0gUSY+v6IR11MKdz91NJawyGly+zOpJ\nejZjVwKBgQCPEN4OiYQQT0MGcAeugrSuOUwWt+251d47jtu7knkgUin31GG1ksDo\nm9czYsQphonKFPoU4HzY0eOc6H1pp6pTUTZw/0mghFs1avSZ0613HB02t8gaOHW+\nowJHc0vICNJa5aVX6u+BGjlo1n1BSRnaWydueSXHPmcGPtHj2r9nfA==\n-----END RSA PRIVATE KEY-----\n",
            "ready_for_renewal": false,
            "set_authority_key_id": false,
            "set_subject_key_id": false,
            "subject": [
              {
                "common_name": "CAOpenVPN",
                "country": null,
                "locality": null,
                "organization": "dev env",
                "organizational_unit": null,
                "postal_code": null,
                "province": null,
                "serial_number": null,
                "street_address": null
              }
            ],
            "uris": null,
            "validity_end_time": "2024-02-23T18:14:24.98000734+01:00",
            "validity_period_hours": 8766,
            "validity_start_time": "2023-02-23T12:14:24.98000734+01:00"
          },
          "sensitive_attributes": [
            [
              {
                "type": "get_attr",
                "value": "private_key_pem"
              }
            ]
          ],
          "dependencies": [
            "azurerm_public_ip.vpn_ip",
            "azurerm_resource_group.rg",
            "tls_private_key.key"
          ]
        }
      ]
    }
  ],
  "check_results": null
}
